
Microsoft Visual Studio Solution File, Format Version 12.00
# Visual Studio 14
VisualStudioVersion = 14.0.25123.0
MinimumVisualStudioVersion = 10.0.40219.1
Project("{FAE04EC0-301F-11D3-BF4B-00C04F79EFBC}") = "MyOrder.Droid", "MyOrder\MyOrder.Droid\MyOrder.Droid.csproj", "{CC8BF7FA-EFBC-486D-B14C-B3C0EFA0903D}"
EndProject
Project("{FAE04EC0-301F-11D3-BF4B-00C04F79EFBC}") = "MyOrder.iOS", "MyOrder\MyOrder.iOS\MyOrder.iOS.csproj", "{86D8172B-30F0-479C-AA05-2F4D5B14B34E}"
EndProject
Project("{FAE04EC0-301F-11D3-BF4B-00C04F79EFBC}") = "MyOrder.WinPhone", "MyOrder\MyOrder.WinPhone\MyOrder.WinPhone.csproj", "{F33E6550-69D4-4F4A-BF87-B38BA8FB921B}"
EndProject
Project("{FAE04EC0-301F-11D3-BF4B-00C04F79EFBC}") = "MyOrder.UWP", "MyOrder\MyOrder.UWP\MyOrder.UWP.csproj", "{1453F7A9-0E14-4023-8476-67E487FD04EA}"
EndProject
Project("{FAE04EC0-301F-11D3-BF4B-00C04F79EFBC}") = "MyOrder.Windows", "MyOrder\MyOrder.Windows\MyOrder.Windows.csproj", "{D9B073CC-475C-4F51-8ABA-B2B3E55E1784}"
EndProject
Project("{FAE04EC0-301F-11D3-BF4B-00C04F79EFBC}") = "MyOrder", "MyOrder\MyOrder\MyOrder.csproj", "{013CD396-F74C-4C95-A6F0-B869FC622718}"
EndProject
Global
	GlobalSection(SolutionConfigurationPlatforms) = preSolution
		Ad-Hoc|Any CPU = Ad-Hoc|Any CPU
		Ad-Hoc|ARM = Ad-Hoc|ARM
		Ad-Hoc|iPhone = Ad-Hoc|iPhone
		Ad-Hoc|iPhoneSimulator = Ad-Hoc|iPhoneSimulator
		Ad-Hoc|x64 = Ad-Hoc|x64
		Ad-Hoc|x86 = Ad-Hoc|x86
		AppStore|Any CPU = AppStore|Any CPU
		AppStore|ARM = AppStore|ARM
		AppStore|iPhone = AppStore|iPhone
		AppStore|iPhoneSimulator = AppStore|iPhoneSimulator
		AppStore|x64 = AppStore|x64
		AppStore|x86 = AppStore|x86
		Debug|Any CPU = Debug|Any CPU
		Debug|ARM = Debug|ARM
		Debug|iPhone = Debug|iPhone
		Debug|iPhoneSimulator = Debug|iPhoneSimulator
		Debug|x64 = Debug|x64
		Debug|x86 = Debug|x86
		Release|Any CPU = Release|Any CPU
		Release|ARM = Release|ARM
		Release|iPhone = Release|iPhone
		Release|iPhoneSimulator = Release|iPhoneSimulator
		Release|x64 = Release|x64
		Release|x86 = Release|x86
	EndGlobalSection
	GlobalSection(ProjectConfigurationPlatforms) = postSolution
		{CC8BF7FA-EFBC-486D-B14C-B3C0EFA0903D}.Ad-Hoc|Any CPU.ActiveCfg = Release|Any CPU
		{CC8BF7FA-EFBC-486D-B14C-B3C0EFA0903D}.Ad-Hoc|Any CPU.Build.0 = Release|Any CPU
		{CC8BF7FA-EFBC-486D-B14C-B3C0EFA0903D}.Ad-Hoc|Any CPU.Deploy.0 = Release|Any CPU
		{CC8BF7FA-EFBC-486D-B14C-B3C0EFA0903D}.Ad-Hoc|ARM.ActiveCfg = Release|Any CPU
		{CC8BF7FA-EFBC-486D-B14C-B3C0EFA0903D}.Ad-Hoc|ARM.Build.0 = Release|Any CPU
		{CC8BF7FA-EFBC-486D-B14C-B3C0EFA0903D}.Ad-Hoc|ARM.Deploy.0 = Release|Any CPU
		{CC8BF7FA-EFBC-486D-B14C-B3C0EFA0903D}.Ad-Hoc|iPhone.ActiveCfg = Release|Any CPU
		{CC8BF7FA-EFBC-486D-B14C-B3C0EFA0903D}.Ad-Hoc|iPhone.Build.0 = Release|Any CPU
		{CC8BF7FA-EFBC-486D-B14C-B3C0EFA0903D}.Ad-Hoc|iPhone.Deploy.0 = Release|Any CPU
		{CC8BF7FA-EFBC-486D-B14C-B3C0EFA0903D}.Ad-Hoc|iPhoneSimulator.ActiveCfg = Release|Any CPU
		{CC8BF7FA-EFBC-486D-B14C-B3C0EFA0903D}.Ad-Hoc|iPhoneSimulator.Build.0 = Release|Any CPU
		{CC8BF7FA-EFBC-486D-B14C-B3C0EFA0903D}.Ad-Hoc|iPhoneSimulator.Deploy.0 = Release|Any CPU
		{CC8BF7FA-EFBC-486D-B14C-B3C0EFA0903D}.Ad-Hoc|x64.ActiveCfg = Release|Any CPU
		{CC8BF7FA-EFBC-486D-B14C-B3C0EFA0903D}.Ad-Hoc|x64.Build.0 = Release|Any CPU
		{CC8BF7FA-EFBC-486D-B14C-B3C0EFA0903D}.Ad-Hoc|x64.Deploy.0 = Release|Any CPU
		{CC8BF7FA-EFBC-486D-B14C-B3C0EFA0903D}.Ad-Hoc|x86.ActiveCfg = Release|Any CPU
		{CC8BF7FA-EFBC-486D-B14C-B3C0EFA0903D}.Ad-Hoc|x86.Build.0 = Release|Any CPU
		{CC8BF7FA-EFBC-486D-B14C-B3C0EFA0903D}.Ad-Hoc|x86.Deploy.0 = Release|Any CPU
		{CC8BF7FA-EFBC-486D-B14C-B3C0EFA0903D}.AppStore|Any CPU.ActiveCfg = Release|Any CPU
		{CC8BF7FA-EFBC-486D-B14C-B3C0EFA0903D}.AppStore|Any CPU.Build.0 = Release|Any CPU
		{CC8BF7FA-EFBC-486D-B14C-B3C0EFA0903D}.AppStore|Any CPU.Deploy.0 = Release|Any CPU
		{CC8BF7FA-EFBC-486D-B14C-B3C0EFA0903D}.AppStore|ARM.ActiveCfg = Release|Any CPU
		{CC8BF7FA-EFBC-486D-B14C-B3C0EFA0903D}.AppStore|ARM.Build.0 = Release|Any CPU
		{CC8BF7FA-EFBC-486D-B14C-B3C0EFA0903D}.AppStore|ARM.Deploy.0 = Release|Any CPU
		{CC8BF7FA-EFBC-486D-B14C-B3C0EFA0903D}.AppStore|iPhone.ActiveCfg = Release|Any CPU
		{CC8BF7FA-EFBC-486D-B14C-B3C0EFA0903D}.AppStore|iPhone.Build.0 = Release|Any CPU
		{CC8BF7FA-EFBC-486D-B14C-B3C0EFA0903D}.AppStore|iPhone.Deploy.0 = Release|Any CPU
		{CC8BF7FA-EFBC-486D-B14C-B3C0EFA0903D}.AppStore|iPhoneSimulator.ActiveCfg = Release|Any CPU
		{CC8BF7FA-EFBC-486D-B14C-B3C0EFA0903D}.AppStore|iPhoneSimulator.Build.0 = Release|Any CPU
		{CC8BF7FA-EFBC-486D-B14C-B3C0EFA0903D}.AppStore|iPhoneSimulator.Deploy.0 = Release|Any CPU
		{CC8BF7FA-EFBC-486D-B14C-B3C0EFA0903D}.AppStore|x64.ActiveCfg = Release|Any CPU
		{CC8BF7FA-EFBC-486D-B14C-B3C0EFA0903D}.AppStore|x64.Build.0 = Release|Any CPU
		{CC8BF7FA-EFBC-486D-B14C-B3C0EFA0903D}.AppStore|x64.Deploy.0 = Release|Any CPU
		{CC8BF7FA-EFBC-486D-B14C-B3C0EFA0903D}.AppStore|x86.ActiveCfg = Release|Any CPU
		{CC8BF7FA-EFBC-486D-B14C-B3C0EFA0903D}.AppStore|x86.Build.0 = Release|Any CPU
		{CC8BF7FA-EFBC-486D-B14C-B3C0EFA0903D}.AppStore|x86.Deploy.0 = Release|Any CPU
		{CC8BF7FA-EFBC-486D-B14C-B3C0EFA0903D}.Debug|Any CPU.ActiveCfg = Debug|Any CPU
		{CC8BF7FA-EFBC-486D-B14C-B3C0EFA0903D}.Debug|Any CPU.Build.0 = Debug|Any CPU
		{CC8BF7FA-EFBC-486D-B14C-B3C0EFA0903D}.Debug|Any CPU.Deploy.0 = Debug|Any CPU
		{CC8BF7FA-EFBC-486D-B14C-B3C0EFA0903D}.Debug|ARM.ActiveCfg = Debug|Any CPU
		{CC8BF7FA-EFBC-486D-B14C-B3C0EFA0903D}.Debug|ARM.Build.0 = Debug|Any CPU
		{CC8BF7FA-EFBC-486D-B14C-B3C0EFA0903D}.Debug|ARM.Deploy.0 = Debug|Any CPU
		{CC8BF7FA-EFBC-486D-B14C-B3C0EFA0903D}.Debug|iPhone.ActiveCfg = Debug|Any CPU
		{CC8BF7FA-EFBC-486D-B14C-B3C0EFA0903D}.Debug|iPhone.Build.0 = Debug|Any CPU
		{CC8BF7FA-EFBC-486D-B14C-B3C0EFA0903D}.Debug|iPhone.Deploy.0 = Debug|Any CPU
		{CC8BF7FA-EFBC-486D-B14C-B3C0EFA0903D}.Debug|iPhoneSimulator.ActiveCfg = Debug|Any CPU
		{CC8BF7FA-EFBC-486D-B14C-B3C0EFA0903D}.Debug|iPhoneSimulator.Build.0 = Debug|Any CPU
		{CC8BF7FA-EFBC-486D-B14C-B3C0EFA0903D}.Debug|iPhoneSimulator.Deploy.0 = Debug|Any CPU
		{CC8BF7FA-EFBC-486D-B14C-B3C0EFA0903D}.Debug|x64.ActiveCfg = Debug|Any CPU
		{CC8BF7FA-EFBC-486D-B14C-B3C0EFA0903D}.Debug|x64.Build.0 = Debug|Any CPU
		{CC8BF7FA-EFBC-486D-B14C-B3C0EFA0903D}.Debug|x64.Deploy.0 = Debug|Any CPU
		{CC8BF7FA-EFBC-486D-B14C-B3C0EFA0903D}.Debug|x86.ActiveCfg = Debug|Any CPU
		{CC8BF7FA-EFBC-486D-B14C-B3C0EFA0903D}.Debug|x86.Build.0 = Debug|Any CPU
		{CC8BF7FA-EFBC-486D-B14C-B3C0EFA0903D}.Debug|x86.Deploy.0 = Debug|Any CPU
		{CC8BF7FA-EFBC-486D-B14C-B3C0EFA0903D}.Release|Any CPU.ActiveCfg = Release|Any CPU
		{CC8BF7FA-EFBC-486D-B14C-B3C0EFA0903D}.Release|Any CPU.Build.0 = Release|Any CPU
		{CC8BF7FA-EFBC-486D-B14C-B3C0EFA0903D}.Release|Any CPU.Deploy.0 = Release|Any CPU
		{CC8BF7FA-EFBC-486D-B14C-B3C0EFA0903D}.Release|ARM.ActiveCfg = Release|Any CPU
		{CC8BF7FA-EFBC-486D-B14C-B3C0EFA0903D}.Release|ARM.Build.0 = Release|Any CPU
		{CC8BF7FA-EFBC-486D-B14C-B3C0EFA0903D}.Release|ARM.Deploy.0 = Release|Any CPU
		{CC8BF7FA-EFBC-486D-B14C-B3C0EFA0903D}.Release|iPhone.ActiveCfg = Release|Any CPU
		{CC8BF7FA-EFBC-486D-B14C-B3C0EFA0903D}.Release|iPhone.Build.0 = Release|Any CPU
		{CC8BF7FA-EFBC-486D-B14C-B3C0EFA0903D}.Release|iPhone.Deploy.0 = Release|Any CPU
		{CC8BF7FA-EFBC-486D-B14C-B3C0EFA0903D}.Release|iPhoneSimulator.ActiveCfg = Release|Any CPU
		{CC8BF7FA-EFBC-486D-B14C-B3C0EFA0903D}.Release|iPhoneSimulator.Build.0 = Release|Any CPU
		{CC8BF7FA-EFBC-486D-B14C-B3C0EFA0903D}.Release|iPhoneSimulator.Deploy.0 = Release|Any CPU
		{CC8BF7FA-EFBC-486D-B14C-B3C0EFA0903D}.Release|x64.ActiveCfg = Release|Any CPU
		{CC8BF7FA-EFBC-486D-B14C-B3C0EFA0903D}.Release|x64.Build.0 = Release|Any CPU
		{CC8BF7FA-EFBC-486D-B14C-B3C0EFA0903D}.Release|x64.Deploy.0 = Release|Any CPU
		{CC8BF7FA-EFBC-486D-B14C-B3C0EFA0903D}.Release|x86.ActiveCfg = Release|Any CPU
		{CC8BF7FA-EFBC-486D-B14C-B3C0EFA0903D}.Release|x86.Build.0 = Release|Any CPU
		{CC8BF7FA-EFBC-486D-B14C-B3C0EFA0903D}.Release|x86.Deploy.0 = Release|Any CPU
		{86D8172B-30F0-479C-AA05-2F4D5B14B34E}.Ad-Hoc|Any CPU.ActiveCfg = Ad-Hoc|iPhone
		{86D8172B-30F0-479C-AA05-2F4D5B14B34E}.Ad-Hoc|ARM.ActiveCfg = Ad-Hoc|iPhone
		{86D8172B-30F0-479C-AA05-2F4D5B14B34E}.Ad-Hoc|iPhone.ActiveCfg = Ad-Hoc|iPhone
		{86D8172B-30F0-479C-AA05-2F4D5B14B34E}.Ad-Hoc|iPhone.Build.0 = Ad-Hoc|iPhone
		{86D8172B-30F0-479C-AA05-2F4D5B14B34E}.Ad-Hoc|iPhoneSimulator.ActiveCfg = Ad-Hoc|iPhoneSimulator
		{86D8172B-30F0-479C-AA05-2F4D5B14B34E}.Ad-Hoc|iPhoneSimulator.Build.0 = Ad-Hoc|iPhoneSimulator
		{86D8172B-30F0-479C-AA05-2F4D5B14B34E}.Ad-Hoc|x64.ActiveCfg = Ad-Hoc|iPhone
		{86D8172B-30F0-479C-AA05-2F4D5B14B34E}.Ad-Hoc|x86.ActiveCfg = Ad-Hoc|iPhone
		{86D8172B-30F0-479C-AA05-2F4D5B14B34E}.AppStore|Any CPU.ActiveCfg = AppStore|iPhone
		{86D8172B-30F0-479C-AA05-2F4D5B14B34E}.AppStore|ARM.ActiveCfg = AppStore|iPhone
		{86D8172B-30F0-479C-AA05-2F4D5B14B34E}.AppStore|iPhone.ActiveCfg = AppStore|iPhone
		{86D8172B-30F0-479C-AA05-2F4D5B14B34E}.AppStore|iPhone.Build.0 = AppStore|iPhone
		{86D8172B-30F0-479C-AA05-2F4D5B14B34E}.AppStore|iPhoneSimulator.ActiveCfg = AppStore|iPhoneSimulator
		{86D8172B-30F0-479C-AA05-2F4D5B14B34E}.AppStore|iPhoneSimulator.Build.0 = AppStore|iPhoneSimulator
		{86D8172B-30F0-479C-AA05-2F4D5B14B34E}.AppStore|x64.ActiveCfg = AppStore|iPhone
		{86D8172B-30F0-479C-AA05-2F4D5B14B34E}.AppStore|x86.ActiveCfg = AppStore|iPhone
		{86D8172B-30F0-479C-AA05-2F4D5B14B34E}.Debug|Any CPU.ActiveCfg = Debug|iPhone
		{86D8172B-30F0-479C-AA05-2F4D5B14B34E}.Debug|ARM.ActiveCfg = Debug|iPhone
		{86D8172B-30F0-479C-AA05-2F4D5B14B34E}.Debug|iPhone.ActiveCfg = Debug|iPhone
		{86D8172B-30F0-479C-AA05-2F4D5B14B34E}.Debug|iPhone.Build.0 = Debug|iPhone
		{86D8172B-30F0-479C-AA05-2F4D5B14B34E}.Debug|iPhoneSimulator.ActiveCfg = Debug|iPhoneSimulator
		{86D8172B-30F0-479C-AA05-2F4D5B14B34E}.Debug|iPhoneSimulator.Build.0 = Debug|iPhoneSimulator
		{86D8172B-30F0-479C-AA05-2F4D5B14B34E}.Debug|x64.ActiveCfg = Debug|iPhone
		{86D8172B-30F0-479C-AA05-2F4D5B14B34E}.Debug|x86.ActiveCfg = Debug|iPhone
		{86D8172B-30F0-479C-AA05-2F4D5B14B34E}.Release|Any CPU.ActiveCfg = Release|iPhone
		{86D8172B-30F0-479C-AA05-2F4D5B14B34E}.Release|ARM.ActiveCfg = Release|iPhone
		{86D8172B-30F0-479C-AA05-2F4D5B14B34E}.Release|iPhone.ActiveCfg = Release|iPhone
		{86D8172B-30F0-479C-AA05-2F4D5B14B34E}.Release|iPhone.Build.0 = Release|iPhone
		{86D8172B-30F0-479C-AA05-2F4D5B14B34E}.Release|iPhoneSimulator.ActiveCfg = Release|iPhoneSimulator
		{86D8172B-30F0-479C-AA05-2F4D5B14B34E}.Release|iPhoneSimulator.Build.0 = Release|iPhoneSimulator
		{86D8172B-30F0-479C-AA05-2F4D5B14B34E}.Release|x64.ActiveCfg = Release|iPhone
		{86D8172B-30F0-479C-AA05-2F4D5B14B34E}.Release|x86.ActiveCfg = Release|iPhone
		{F33E6550-69D4-4F4A-BF87-B38BA8FB921B}.Ad-Hoc|Any CPU.ActiveCfg = Release|Any CPU
		{F33E6550-69D4-4F4A-BF87-B38BA8FB921B}.Ad-Hoc|Any CPU.Build.0 = Release|Any CPU
		{F33E6550-69D4-4F4A-BF87-B38BA8FB921B}.Ad-Hoc|Any CPU.Deploy.0 = Release|Any CPU
		{F33E6550-69D4-4F4A-BF87-B38BA8FB921B}.Ad-Hoc|ARM.ActiveCfg = Release|ARM
		{F33E6550-69D4-4F4A-BF87-B38BA8FB921B}.Ad-Hoc|ARM.Build.0 = Release|ARM
		{F33E6550-69D4-4F4A-BF87-B38BA8FB921B}.Ad-Hoc|ARM.Deploy.0 = Release|ARM
		{F33E6550-69D4-4F4A-BF87-B38BA8FB921B}.Ad-Hoc|iPhone.ActiveCfg = Release|Any CPU
		{F33E6550-69D4-4F4A-BF87-B38BA8FB921B}.Ad-Hoc|iPhone.Build.0 = Release|Any CPU
		{F33E6550-69D4-4F4A-BF87-B38BA8FB921B}.Ad-Hoc|iPhone.Deploy.0 = Release|Any CPU
		{F33E6550-69D4-4F4A-BF87-B38BA8FB921B}.Ad-Hoc|iPhoneSimulator.ActiveCfg = Release|Any CPU
		{F33E6550-69D4-4F4A-BF87-B38BA8FB921B}.Ad-Hoc|iPhoneSimulator.Build.0 = Release|Any CPU
		{F33E6550-69D4-4F4A-BF87-B38BA8FB921B}.Ad-Hoc|iPhoneSimulator.Deploy.0 = Release|Any CPU
		{F33E6550-69D4-4F4A-BF87-B38BA8FB921B}.Ad-Hoc|x64.ActiveCfg = Release|Any CPU
		{F33E6550-69D4-4F4A-BF87-B38BA8FB921B}.Ad-Hoc|x64.Build.0 = Release|Any CPU
		{F33E6550-69D4-4F4A-BF87-B38BA8FB921B}.Ad-Hoc|x64.Deploy.0 = Release|Any CPU
		{F33E6550-69D4-4F4A-BF87-B38BA8FB921B}.Ad-Hoc|x86.ActiveCfg = Release|x86
		{F33E6550-69D4-4F4A-BF87-B38BA8FB921B}.Ad-Hoc|x86.Build.0 = Release|x86
		{F33E6550-69D4-4F4A-BF87-B38BA8FB921B}.Ad-Hoc|x86.Deploy.0 = Release|x86
		{F33E6550-69D4-4F4A-BF87-B38BA8FB921B}.AppStore|Any CPU.ActiveCfg = Release|Any CPU
		{F33E6550-69D4-4F4A-BF87-B38BA8FB921B}.AppStore|Any CPU.Build.0 = Release|Any CPU
		{F33E6550-69D4-4F4A-BF87-B38BA8FB921B}.AppStore|Any CPU.Deploy.0 = Release|Any CPU
		{F33E6550-69D4-4F4A-BF87-B38BA8FB921B}.AppStore|ARM.ActiveCfg = Release|ARM
		{F33E6550-69D4-4F4A-BF87-B38BA8FB921B}.AppStore|ARM.Build.0 = Release|ARM
		{F33E6550-69D4-4F4A-BF87-B38BA8FB921B}.AppStore|ARM.Deploy.0 = Release|ARM
		{F33E6550-69D4-4F4A-BF87-B38BA8FB921B}.AppStore|iPhone.ActiveCfg = Release|Any CPU
		{F33E6550-69D4-4F4A-BF87-B38BA8FB921B}.AppStore|iPhone.Build.0 = Release|Any CPU
		{F33E6550-69D4-4F4A-BF87-B38BA8FB921B}.AppStore|iPhone.Deploy.0 = Release|Any CPU
		{F33E6550-69D4-4F4A-BF87-B38BA8FB921B}.AppStore|iPhoneSimulator.ActiveCfg = Release|Any CPU
		{F33E6550-69D4-4F4A-BF87-B38BA8FB921B}.AppStore|iPhoneSimulator.Build.0 = Release|Any CPU
		{F33E6550-69D4-4F4A-BF87-B38BA8FB921B}.AppStore|iPhoneSimulator.Deploy.0 = Release|Any CPU
		{F33E6550-69D4-4F4A-BF87-B38BA8FB921B}.AppStore|x64.ActiveCfg = Release|Any CPU
		{F33E6550-69D4-4F4A-BF87-B38BA8FB921B}.AppStore|x64.Build.0 = Release|Any CPU
		{F33E6550-69D4-4F4A-BF87-B38BA8FB921B}.AppStore|x64.Deploy.0 = Release|Any CPU
		{F33E6550-69D4-4F4A-BF87-B38BA8FB921B}.AppStore|x86.ActiveCfg = Release|x86
		{F33E6550-69D4-4F4A-BF87-B38BA8FB921B}.AppStore|x86.Build.0 = Release|x86
		{F33E6550-69D4-4F4A-BF87-B38BA8FB921B}.AppStore|x86.Deploy.0 = Release|x86
		{F33E6550-69D4-4F4A-BF87-B38BA8FB921B}.Debug|Any CPU.ActiveCfg = Debug|Any CPU
		{F33E6550-69D4-4F4A-BF87-B38BA8FB921B}.Debug|Any CPU.Build.0 = Debug|Any CPU
		{F33E6550-69D4-4F4A-BF87-B38BA8FB921B}.Debug|Any CPU.Deploy.0 = Debug|Any CPU
		{F33E6550-69D4-4F4A-BF87-B38BA8FB921B}.Debug|ARM.ActiveCfg = Debug|ARM
		{F33E6550-69D4-4F4A-BF87-B38BA8FB921B}.Debug|ARM.Build.0 = Debug|ARM
		{F33E6550-69D4-4F4A-BF87-B38BA8FB921B}.Debug|ARM.Deploy.0 = Debug|ARM
		{F33E6550-69D4-4F4A-BF87-B38BA8FB921B}.Debug|iPhone.ActiveCfg = Debug|Any CPU
		{F33E6550-69D4-4F4A-BF87-B38BA8FB921B}.Debug|iPhone.Build.0 = Debug|Any CPU
		{F33E6550-69D4-4F4A-BF87-B38BA8FB921B}.Debug|iPhone.Deploy.0 = Debug|Any CPU
		{F33E6550-69D4-4F4A-BF87-B38BA8FB921B}.Debug|iPhoneSimulator.ActiveCfg = Debug|Any CPU
		{F33E6550-69D4-4F4A-BF87-B38BA8FB921B}.Debug|iPhoneSimulator.Build.0 = Debug|Any CPU
		{F33E6550-69D4-4F4A-BF87-B38BA8FB921B}.Debug|iPhoneSimulator.Deploy.0 = Debug|Any CPU
		{F33E6550-69D4-4F4A-BF87-B38BA8FB921B}.Debug|x64.ActiveCfg = Debug|Any CPU
		{F33E6550-69D4-4F4A-BF87-B38BA8FB921B}.Debug|x64.Build.0 = Debug|Any CPU
		{F33E6550-69D4-4F4A-BF87-B38BA8FB921B}.Debug|x64.Deploy.0 = Debug|Any CPU
		{F33E6550-69D4-4F4A-BF87-B38BA8FB921B}.Debug|x86.ActiveCfg = Debug|x86
		{F33E6550-69D4-4F4A-BF87-B38BA8FB921B}.Debug|x86.Build.0 = Debug|x86
		{F33E6550-69D4-4F4A-BF87-B38BA8FB921B}.Debug|x86.Deploy.0 = Debug|x86
		{F33E6550-69D4-4F4A-BF87-B38BA8FB921B}.Release|Any CPU.ActiveCfg = Release|Any CPU
		{F33E6550-69D4-4F4A-BF87-B38BA8FB921B}.Release|Any CPU.Build.0 = Release|Any CPU
		{F33E6550-69D4-4F4A-BF87-B38BA8FB921B}.Release|Any CPU.Deploy.0 = Release|Any CPU
		{F33E6550-69D4-4F4A-BF87-B38BA8FB921B}.Release|ARM.ActiveCfg = Release|ARM
		{F33E6550-69D4-4F4A-BF87-B38BA8FB921B}.Release|ARM.Build.0 = Release|ARM
		{F33E6550-69D4-4F4A-BF87-B38BA8FB921B}.Release|ARM.Deploy.0 = Release|ARM
		{F33E6550-69D4-4F4A-BF87-B38BA8FB921B}.Release|iPhone.ActiveCfg = Release|Any CPU
		{F33E6550-69D4-4F4A-BF87-B38BA8FB921B}.Release|iPhone.Build.0 = Release|Any CPU
		{F33E6550-69D4-4F4A-BF87-B38BA8FB921B}.Release|iPhone.Deploy.0 = Release|Any CPU
		{F33E6550-69D4-4F4A-BF87-B38BA8FB921B}.Release|iPhoneSimulator.ActiveCfg = Release|Any CPU
		{F33E6550-69D4-4F4A-BF87-B38BA8FB921B}.Release|iPhoneSimulator.Build.0 = Release|Any CPU
		{F33E6550-69D4-4F4A-BF87-B38BA8FB921B}.Release|iPhoneSimulator.Deploy.0 = Release|Any CPU
		{F33E6550-69D4-4F4A-BF87-B38BA8FB921B}.Release|x64.ActiveCfg = Release|Any CPU
		{F33E6550-69D4-4F4A-BF87-B38BA8FB921B}.Release|x64.Build.0 = Release|Any CPU
		{F33E6550-69D4-4F4A-BF87-B38BA8FB921B}.Release|x64.Deploy.0 = Release|Any CPU
		{F33E6550-69D4-4F4A-BF87-B38BA8FB921B}.Release|x86.ActiveCfg = Release|x86
		{F33E6550-69D4-4F4A-BF87-B38BA8FB921B}.Release|x86.Build.0 = Release|x86
		{F33E6550-69D4-4F4A-BF87-B38BA8FB921B}.Release|x86.Deploy.0 = Release|x86
		{1453F7A9-0E14-4023-8476-67E487FD04EA}.Ad-Hoc|Any CPU.ActiveCfg = Release|x86
		{1453F7A9-0E14-4023-8476-67E487FD04EA}.Ad-Hoc|Any CPU.Build.0 = Release|x86
		{1453F7A9-0E14-4023-8476-67E487FD04EA}.Ad-Hoc|Any CPU.Deploy.0 = Release|x86
		{1453F7A9-0E14-4023-8476-67E487FD04EA}.Ad-Hoc|ARM.ActiveCfg = Release|ARM
		{1453F7A9-0E14-4023-8476-67E487FD04EA}.Ad-Hoc|ARM.Build.0 = Release|ARM
		{1453F7A9-0E14-4023-8476-67E487FD04EA}.Ad-Hoc|ARM.Deploy.0 = Release|ARM
		{1453F7A9-0E14-4023-8476-67E487FD04EA}.Ad-Hoc|iPhone.ActiveCfg = Release|x86
		{1453F7A9-0E14-4023-8476-67E487FD04EA}.Ad-Hoc|iPhone.Build.0 = Release|x86
		{1453F7A9-0E14-4023-8476-67E487FD04EA}.Ad-Hoc|iPhone.Deploy.0 = Release|x86
		{1453F7A9-0E14-4023-8476-67E487FD04EA}.Ad-Hoc|iPhoneSimulator.ActiveCfg = Release|x86
		{1453F7A9-0E14-4023-8476-67E487FD04EA}.Ad-Hoc|iPhoneSimulator.Build.0 = Release|x86
		{1453F7A9-0E14-4023-8476-67E487FD04EA}.Ad-Hoc|iPhoneSimulator.Deploy.0 = Release|x86
		{1453F7A9-0E14-4023-8476-67E487FD04EA}.Ad-Hoc|x64.ActiveCfg = Release|x64
		{1453F7A9-0E14-4023-8476-67E487FD04EA}.Ad-Hoc|x64.Build.0 = Release|x64
		{1453F7A9-0E14-4023-8476-67E487FD04EA}.Ad-Hoc|x64.Deploy.0 = Release|x64
		{1453F7A9-0E14-4023-8476-67E487FD04EA}.Ad-Hoc|x86.ActiveCfg = Release|x86
		{1453F7A9-0E14-4023-8476-67E487FD04EA}.Ad-Hoc|x86.Build.0 = Release|x86
		{1453F7A9-0E14-4023-8476-67E487FD04EA}.Ad-Hoc|x86.Deploy.0 = Release|x86
		{1453F7A9-0E14-4023-8476-67E487FD04EA}.AppStore|Any CPU.ActiveCfg = Release|x86
		{1453F7A9-0E14-4023-8476-67E487FD04EA}.AppStore|Any CPU.Build.0 = Release|x86
		{1453F7A9-0E14-4023-8476-67E487FD04EA}.AppStore|Any CPU.Deploy.0 = Release|x86
		{1453F7A9-0E14-4023-8476-67E487FD04EA}.AppStore|ARM.ActiveCfg = Release|ARM
		{1453F7A9-0E14-4023-8476-67E487FD04EA}.AppStore|ARM.Build.0 = Release|ARM
		{1453F7A9-0E14-4023-8476-67E487FD04EA}.AppStore|ARM.Deploy.0 = Release|ARM
		{1453F7A9-0E14-4023-8476-67E487FD04EA}.AppStore|iPhone.ActiveCfg = Release|x86
		{1453F7A9-0E14-4023-8476-67E487FD04EA}.AppStore|iPhone.Build.0 = Release|x86
		{1453F7A9-0E14-4023-8476-67E487FD04EA}.AppStore|iPhone.Deploy.0 = Release|x86
		{1453F7A9-0E14-4023-8476-67E487FD04EA}.AppStore|iPhoneSimulator.ActiveCfg = Release|x86
		{1453F7A9-0E14-4023-8476-67E487FD04EA}.AppStore|iPhoneSimulator.Build.0 = Release|x86
		{1453F7A9-0E14-4023-8476-67E487FD04EA}.AppStore|iPhoneSimulator.Deploy.0 = Release|x86
		{1453F7A9-0E14-4023-8476-67E487FD04EA}.AppStore|x64.ActiveCfg = Release|x64
		{1453F7A9-0E14-4023-8476-67E487FD04EA}.AppStore|x64.Build.0 = Release|x64
		{1453F7A9-0E14-4023-8476-67E487FD04EA}.AppStore|x64.Deploy.0 = Release|x64
		{1453F7A9-0E14-4023-8476-67E487FD04EA}.AppStore|x86.ActiveCfg = Release|x86
		{1453F7A9-0E14-4023-8476-67E487FD04EA}.AppStore|x86.Build.0 = Release|x86
		{1453F7A9-0E14-4023-8476-67E487FD04EA}.AppStore|x86.Deploy.0 = Release|x86
		{1453F7A9-0E14-4023-8476-67E487FD04EA}.Debug|Any CPU.ActiveCfg = Debug|x86
		{1453F7A9-0E14-4023-8476-67E487FD04EA}.Debug|ARM.ActiveCfg = Debug|ARM
		{1453F7A9-0E14-4023-8476-67E487FD04EA}.Debug|ARM.Build.0 = Debug|ARM
		{1453F7A9-0E14-4023-8476-67E487FD04EA}.Debug|ARM.Deploy.0 = Debug|ARM
		{1453F7A9-0E14-4023-8476-67E487FD04EA}.Debug|iPhone.ActiveCfg = Debug|x86
		{1453F7A9-0E14-4023-8476-67E487FD04EA}.Debug|iPhoneSimulator.ActiveCfg = Debug|x86
		{1453F7A9-0E14-4023-8476-67E487FD04EA}.Debug|x64.ActiveCfg = Debug|x64
		{1453F7A9-0E14-4023-8476-67E487FD04EA}.Debug|x64.Build.0 = Debug|x64
		{1453F7A9-0E14-4023-8476-67E487FD04EA}.Debug|x64.Deploy.0 = Debug|x64
		{1453F7A9-0E14-4023-8476-67E487FD04EA}.Debug|x86.ActiveCfg = Debug|x86
		{1453F7A9-0E14-4023-8476-67E487FD04EA}.Debug|x86.Build.0 = Debug|x86
		{1453F7A9-0E14-4023-8476-67E487FD04EA}.Debug|x86.Deploy.0 = Debug|x86
		{1453F7A9-0E14-4023-8476-67E487FD04EA}.Release|Any CPU.ActiveCfg = Release|x86
		{1453F7A9-0E14-4023-8476-67E487FD04EA}.Release|ARM.ActiveCfg = Release|ARM
		{1453F7A9-0E14-4023-8476-67E487FD04EA}.Release|ARM.Build.0 = Release|ARM
		{1453F7A9-0E14-4023-8476-67E487FD04EA}.Release|ARM.Deploy.0 = Release|ARM
		{1453F7A9-0E14-4023-8476-67E487FD04EA}.Release|iPhone.ActiveCfg = Release|x86
		{1453F7A9-0E14-4023-8476-67E487FD04EA}.Release|iPhoneSimulator.ActiveCfg = Release|x86
		{1453F7A9-0E14-4023-8476-67E487FD04EA}.Release|x64.ActiveCfg = Release|x64
		{1453F7A9-0E14-4023-8476-67E487FD04EA}.Release|x64.Build.0 = Release|x64
		{1453F7A9-0E14-4023-8476-67E487FD04EA}.Release|x64.Deploy.0 = Release|x64
		{1453F7A9-0E14-4023-8476-67E487FD04EA}.Release|x86.ActiveCfg = Release|x86
		{1453F7A9-0E14-4023-8476-67E487FD04EA}.Release|x86.Build.0 = Release|x86
		{1453F7A9-0E14-4023-8476-67E487FD04EA}.Release|x86.Deploy.0 = Release|x86
		{D9B073CC-475C-4F51-8ABA-B2B3E55E1784}.Ad-Hoc|Any CPU.ActiveCfg = Release|Any CPU
		{D9B073CC-475C-4F51-8ABA-B2B3E55E1784}.Ad-Hoc|Any CPU.Build.0 = Release|Any CPU
		{D9B073CC-475C-4F51-8ABA-B2B3E55E1784}.Ad-Hoc|Any CPU.Deploy.0 = Release|Any CPU
		{D9B073CC-475C-4F51-8ABA-B2B3E55E1784}.Ad-Hoc|ARM.ActiveCfg = Release|ARM
		{D9B073CC-475C-4F51-8ABA-B2B3E55E1784}.Ad-Hoc|ARM.Build.0 = Release|ARM
		{D9B073CC-475C-4F51-8ABA-B2B3E55E1784}.Ad-Hoc|ARM.Deploy.0 = Release|ARM
		{D9B073CC-475C-4F51-8ABA-B2B3E55E1784}.Ad-Hoc|iPhone.ActiveCfg = Release|Any CPU
		{D9B073CC-475C-4F51-8ABA-B2B3E55E1784}.Ad-Hoc|iPhone.Build.0 = Release|Any CPU
		{D9B073CC-475C-4F51-8ABA-B2B3E55E1784}.Ad-Hoc|iPhone.Deploy.0 = Release|Any CPU
		{D9B073CC-475C-4F51-8ABA-B2B3E55E1784}.Ad-Hoc|iPhoneSimulator.ActiveCfg = Release|Any CPU
		{D9B073CC-475C-4F51-8ABA-B2B3E55E1784}.Ad-Hoc|iPhoneSimulator.Build.0 = Release|Any CPU
		{D9B073CC-475C-4F51-8ABA-B2B3E55E1784}.Ad-Hoc|iPhoneSimulator.Deploy.0 = Release|Any CPU
		{D9B073CC-475C-4F51-8ABA-B2B3E55E1784}.Ad-Hoc|x64.ActiveCfg = Release|x64
		{D9B073CC-475C-4F51-8ABA-B2B3E55E1784}.Ad-Hoc|x64.Build.0 = Release|x64
		{D9B073CC-475C-4F51-8ABA-B2B3E55E1784}.Ad-Hoc|x64.Deploy.0 = Release|x64
		{D9B073CC-475C-4F51-8ABA-B2B3E55E1784}.Ad-Hoc|x86.ActiveCfg = Release|x86
		{D9B073CC-475C-4F51-8ABA-B2B3E55E1784}.Ad-Hoc|x86.Build.0 = Release|x86
		{D9B073CC-475C-4F51-8ABA-B2B3E55E1784}.Ad-Hoc|x86.Deploy.0 = Release|x86
		{D9B073CC-475C-4F51-8ABA-B2B3E55E1784}.AppStore|Any CPU.ActiveCfg = Release|Any CPU
		{D9B073CC-475C-4F51-8ABA-B2B3E55E1784}.AppStore|Any CPU.Build.0 = Release|Any CPU
		{D9B073CC-475C-4F51-8ABA-B2B3E55E1784}.AppStore|Any CPU.Deploy.0 = Release|Any CPU
		{D9B073CC-475C-4F51-8ABA-B2B3E55E1784}.AppStore|ARM.ActiveCfg = Release|ARM
		{D9B073CC-475C-4F51-8ABA-B2B3E55E1784}.AppStore|ARM.Build.0 = Release|ARM
		{D9B073CC-475C-4F51-8ABA-B2B3E55E1784}.AppStore|ARM.Deploy.0 = Release|ARM
		{D9B073CC-475C-4F51-8ABA-B2B3E55E1784}.AppStore|iPhone.ActiveCfg = Release|Any CPU
		{D9B073CC-475C-4F51-8ABA-B2B3E55E1784}.AppStore|iPhone.Build.0 = Release|Any CPU
		{D9B073CC-475C-4F51-8ABA-B2B3E55E1784}.AppStore|iPhone.Deploy.0 = Release|Any CPU
		{D9B073CC-475C-4F51-8ABA-B2B3E55E1784}.AppStore|iPhoneSimulator.ActiveCfg = Release|Any CPU
		{D9B073CC-475C-4F51-8ABA-B2B3E55E1784}.AppStore|iPhoneSimulator.Build.0 = Release|Any CPU
		{D9B073CC-475C-4F51-8ABA-B2B3E55E1784}.AppStore|iPhoneSimulator.Deploy.0 = Release|Any CPU
		{D9B073CC-475C-4F51-8ABA-B2B3E55E1784}.AppStore|x64.ActiveCfg = Release|x64
		{D9B073CC-475C-4F51-8ABA-B2B3E55E1784}.AppStore|x64.Build.0 = Release|x64
		{D9B073CC-475C-4F51-8ABA-B2B3E55E1784}.AppStore|x64.Deploy.0 = Release|x64
		{D9B073CC-475C-4F51-8ABA-B2B3E55E1784}.AppStore|x86.ActiveCfg = Release|x86
		{D9B073CC-475C-4F51-8ABA-B2B3E55E1784}.AppStore|x86.Build.0 = Release|x86
		{D9B073CC-475C-4F51-8ABA-B2B3E55E1784}.AppStore|x86.Deploy.0 = Release|x86
		{D9B073CC-475C-4F51-8ABA-B2B3E55E1784}.Debug|Any CPU.ActiveCfg = Debug|Any CPU
		{D9B073CC-475C-4F51-8ABA-B2B3E55E1784}.Debug|Any CPU.Build.0 = Debug|Any CPU
		{D9B073CC-475C-4F51-8ABA-B2B3E55E1784}.Debug|Any CPU.Deploy.0 = Debug|Any CPU
		{D9B073CC-475C-4F51-8ABA-B2B3E55E1784}.Debug|ARM.ActiveCfg = Debug|ARM
		{D9B073CC-475C-4F51-8ABA-B2B3E55E1784}.Debug|ARM.Build.0 = Debug|ARM
		{D9B073CC-475C-4F51-8ABA-B2B3E55E1784}.Debug|ARM.Deploy.0 = Debug|ARM
		{D9B073CC-475C-4F51-8ABA-B2B3E55E1784}.Debug|iPhone.ActiveCfg = Debug|Any CPU
		{D9B073CC-475C-4F51-8ABA-B2B3E55E1784}.Debug|iPhone.Build.0 = Debug|Any CPU
		{D9B073CC-475C-4F51-8ABA-B2B3E55E1784}.Debug|iPhone.Deploy.0 = Debug|Any CPU
		{D9B073CC-475C-4F51-8ABA-B2B3E55E1784}.Debug|iPhoneSimulator.ActiveCfg = Debug|Any CPU
		{D9B073CC-475C-4F51-8ABA-B2B3E55E1784}.Debug|iPhoneSimulator.Build.0 = Debug|Any CPU
		{D9B073CC-475C-4F51-8ABA-B2B3E55E1784}.Debug|iPhoneSimulator.Deploy.0 = Debug|Any CPU
		{D9B073CC-475C-4F51-8ABA-B2B3E55E1784}.Debug|x64.ActiveCfg = Debug|x64
		{D9B073CC-475C-4F51-8ABA-B2B3E55E1784}.Debug|x64.Build.0 = Debug|x64
		{D9B073CC-475C-4F51-8ABA-B2B3E55E1784}.Debug|x64.Deploy.0 = Debug|x64
		{D9B073CC-475C-4F51-8ABA-B2B3E55E1784}.Debug|x86.ActiveCfg = Debug|x86
		{D9B073CC-475C-4F51-8ABA-B2B3E55E1784}.Debug|x86.Build.0 = Debug|x86
		{D9B073CC-475C-4F51-8ABA-B2B3E55E1784}.Debug|x86.Deploy.0 = Debug|x86
		{D9B073CC-475C-4F51-8ABA-B2B3E55E1784}.Release|Any CPU.ActiveCfg = Release|Any CPU
		{D9B073CC-475C-4F51-8ABA-B2B3E55E1784}.Release|Any CPU.Build.0 = Release|Any CPU
		{D9B073CC-475C-4F51-8ABA-B2B3E55E1784}.Release|Any CPU.Deploy.0 = Release|Any CPU
		{D9B073CC-475C-4F51-8ABA-B2B3E55E1784}.Release|ARM.ActiveCfg = Release|ARM
		{D9B073CC-475C-4F51-8ABA-B2B3E55E1784}.Release|ARM.Build.0 = Release|ARM
		{D9B073CC-475C-4F51-8ABA-B2B3E55E1784}.Release|ARM.Deploy.0 = Release|ARM
		{D9B073CC-475C-4F51-8ABA-B2B3E55E1784}.Release|iPhone.ActiveCfg = Release|Any CPU
		{D9B073CC-475C-4F51-8ABA-B2B3E55E1784}.Release|iPhone.Build.0 = Release|Any CPU
		{D9B073CC-475C-4F51-8ABA-B2B3E55E1784}.Release|iPhone.Deploy.0 = Release|Any CPU
		{D9B073CC-475C-4F51-8ABA-B2B3E55E1784}.Release|iPhoneSimulator.ActiveCfg = Release|Any CPU
		{D9B073CC-475C-4F51-8ABA-B2B3E55E1784}.Release|iPhoneSimulator.Build.0 = Release|Any CPU
		{D9B073CC-475C-4F51-8ABA-B2B3E55E1784}.Release|iPhoneSimulator.Deploy.0 = Release|Any CPU
		{D9B073CC-475C-4F51-8ABA-B2B3E55E1784}.Release|x64.ActiveCfg = Release|x64
		{D9B073CC-475C-4F51-8ABA-B2B3E55E1784}.Release|x64.Build.0 = Release|x64
		{D9B073CC-475C-4F51-8ABA-B2B3E55E1784}.Release|x64.Deploy.0 = Release|x64
		{D9B073CC-475C-4F51-8ABA-B2B3E55E1784}.Release|x86.ActiveCfg = Release|x86
		{D9B073CC-475C-4F51-8ABA-B2B3E55E1784}.Release|x86.Build.0 = Release|x86
		{D9B073CC-475C-4F51-8ABA-B2B3E55E1784}.Release|x86.Deploy.0 = Release|x86
		{013CD396-F74C-4C95-A6F0-B869FC622718}.Ad-Hoc|Any CPU.ActiveCfg = Release|Any CPU
		{013CD396-F74C-4C95-A6F0-B869FC622718}.Ad-Hoc|Any CPU.Build.0 = Release|Any CPU
		{013CD396-F74C-4C95-A6F0-B869FC622718}.Ad-Hoc|ARM.ActiveCfg = Release|Any CPU
		{013CD396-F74C-4C95-A6F0-B869FC622718}.Ad-Hoc|ARM.Build.0 = Release|Any CPU
		{013CD396-F74C-4C95-A6F0-B869FC622718}.Ad-Hoc|iPhone.ActiveCfg = Release|Any CPU
		{013CD396-F74C-4C95-A6F0-B869FC622718}.Ad-Hoc|iPhone.Build.0 = Release|Any CPU
		{013CD396-F74C-4C95-A6F0-B869FC622718}.Ad-Hoc|iPhoneSimulator.ActiveCfg = Release|Any CPU
		{013CD396-F74C-4C95-A6F0-B869FC622718}.Ad-Hoc|iPhoneSimulator.Build.0 = Release|Any CPU
		{013CD396-F74C-4C95-A6F0-B869FC622718}.Ad-Hoc|x64.ActiveCfg = Release|Any CPU
		{013CD396-F74C-4C95-A6F0-B869FC622718}.Ad-Hoc|x64.Build.0 = Release|Any CPU
		{013CD396-F74C-4C95-A6F0-B869FC622718}.Ad-Hoc|x86.ActiveCfg = Release|Any CPU
		{013CD396-F74C-4C95-A6F0-B869FC622718}.Ad-Hoc|x86.Build.0 = Release|Any CPU
		{013CD396-F74C-4C95-A6F0-B869FC622718}.AppStore|Any CPU.ActiveCfg = Release|Any CPU
		{013CD396-F74C-4C95-A6F0-B869FC622718}.AppStore|Any CPU.Build.0 = Release|Any CPU
		{013CD396-F74C-4C95-A6F0-B869FC622718}.AppStore|ARM.ActiveCfg = Release|Any CPU
		{013CD396-F74C-4C95-A6F0-B869FC622718}.AppStore|ARM.Build.0 = Release|Any CPU
		{013CD396-F74C-4C95-A6F0-B869FC622718}.AppStore|iPhone.ActiveCfg = Release|Any CPU
		{013CD396-F74C-4C95-A6F0-B869FC622718}.AppStore|iPhone.Build.0 = Release|Any CPU
		{013CD396-F74C-4C95-A6F0-B869FC622718}.AppStore|iPhoneSimulator.ActiveCfg = Release|Any CPU
		{013CD396-F74C-4C95-A6F0-B869FC622718}.AppStore|iPhoneSimulator.Build.0 = Release|Any CPU
		{013CD396-F74C-4C95-A6F0-B869FC622718}.AppStore|x64.ActiveCfg = Release|Any CPU
		{013CD396-F74C-4C95-A6F0-B869FC622718}.AppStore|x64.Build.0 = Release|Any CPU
		{013CD396-F74C-4C95-A6F0-B869FC622718}.AppStore|x86.ActiveCfg = Release|Any CPU
		{013CD396-F74C-4C95-A6F0-B869FC622718}.AppStore|x86.Build.0 = Release|Any CPU
		{013CD396-F74C-4C95-A6F0-B869FC622718}.Debug|Any CPU.ActiveCfg = Debug|Any CPU
		{013CD396-F74C-4C95-A6F0-B869FC622718}.Debug|Any CPU.Build.0 = Debug|Any CPU
		{013CD396-F74C-4C95-A6F0-B869FC622718}.Debug|ARM.ActiveCfg = Debug|Any CPU
		{013CD396-F74C-4C95-A6F0-B869FC622718}.Debug|ARM.Build.0 = Debug|Any CPU
		{013CD396-F74C-4C95-A6F0-B869FC622718}.Debug|iPhone.ActiveCfg = Debug|Any CPU
		{013CD396-F74C-4C95-A6F0-B869FC622718}.Debug|iPhone.Build.0 = Debug|Any CPU
		{013CD396-F74C-4C95-A6F0-B869FC622718}.Debug|iPhoneSimulator.ActiveCfg = Debug|Any CPU
		{013CD396-F74C-4C95-A6F0-B869FC622718}.Debug|iPhoneSimulator.Build.0 = Debug|Any CPU
		{013CD396-F74C-4C95-A6F0-B869FC622718}.Debug|x64.ActiveCfg = Debug|Any CPU
		{013CD396-F74C-4C95-A6F0-B869FC622718}.Debug|x64.Build.0 = Debug|Any CPU
		{013CD396-F74C-4C95-A6F0-B869FC622718}.Debug|x86.ActiveCfg = Debug|Any CPU
		{013CD396-F74C-4C95-A6F0-B869FC622718}.Debug|x86.Build.0 = Debug|Any CPU
		{013CD396-F74C-4C95-A6F0-B869FC622718}.Release|Any CPU.ActiveCfg = Release|Any CPU
		{013CD396-F74C-4C95-A6F0-B869FC622718}.Release|Any CPU.Build.0 = Release|Any CPU
		{013CD396-F74C-4C95-A6F0-B869FC622718}.Release|ARM.ActiveCfg = Release|Any CPU
		{013CD396-F74C-4C95-A6F0-B869FC622718}.Release|ARM.Build.0 = Release|Any CPU
		{013CD396-F74C-4C95-A6F0-B869FC622718}.Release|iPhone.ActiveCfg = Release|Any CPU
		{013CD396-F74C-4C95-A6F0-B869FC622718}.Release|iPhone.Build.0 = Release|Any CPU
		{013CD396-F74C-4C95-A6F0-B869FC622718}.Release|iPhoneSimulator.ActiveCfg = Release|Any CPU
		{013CD396-F74C-4C95-A6F0-B869FC622718}.Release|iPhoneSimulator.Build.0 = Release|Any CPU
		{013CD396-F74C-4C95-A6F0-B869FC622718}.Release|x64.ActiveCfg = Release|Any CPU
		{013CD396-F74C-4C95-A6F0-B869FC622718}.Release|x64.Build.0 = Release|Any CPU
		{013CD396-F74C-4C95-A6F0-B869FC622718}.Release|x86.ActiveCfg = Release|Any CPU
		{013CD396-F74C-4C95-A6F0-B869FC622718}.Release|x86.Build.0 = Release|Any CPU
	EndGlobalSection
	GlobalSection(SolutionProperties) = preSolution
		HideSolutionNode = FALSE
	EndGlobalSection
EndGlobal
