
Microsoft Visual Studio Solution File, Format Version 12.00
# Visual Studio 14
VisualStudioVersion = 14.0.25123.0
MinimumVisualStudioVersion = 10.0.40219.1
Project("{FAE04EC0-301F-11D3-BF4B-00C04F79EFBC}") = "MyOrders.Droid", "MyOrders\MyOrders.Droid\MyOrders.Droid.csproj", "{B3D1E040-CF30-4B71-846B-F1E188DB867F}"
EndProject
Project("{FAE04EC0-301F-11D3-BF4B-00C04F79EFBC}") = "MyOrders.iOS", "MyOrders\MyOrders.iOS\MyOrders.iOS.csproj", "{954E04FD-CF49-41D3-AB97-ADE465A4A5FD}"
EndProject
Project("{FAE04EC0-301F-11D3-BF4B-00C04F79EFBC}") = "MyOrders.WinPhone", "MyOrders\MyOrders.WinPhone\MyOrders.WinPhone.csproj", "{30B435E8-50EF-4947-A37B-03E677619CF5}"
EndProject
Project("{FAE04EC0-301F-11D3-BF4B-00C04F79EFBC}") = "MyOrders.UWP", "MyOrders\MyOrders.UWP\MyOrders.UWP.csproj", "{7898F806-4AA0-4DD0-B16F-B676B931F252}"
EndProject
Project("{FAE04EC0-301F-11D3-BF4B-00C04F79EFBC}") = "MyOrders.Windows", "MyOrders\MyOrders.Windows\MyOrders.Windows.csproj", "{88814DDD-A7A1-471B-9934-9939CFCFF8A9}"
EndProject
Project("{FAE04EC0-301F-11D3-BF4B-00C04F79EFBC}") = "MyOrders", "MyOrders\MyOrders\MyOrders.csproj", "{B8C957E5-A4ED-48A1-BC60-5D3877752D44}"
EndProject
Global
	GlobalSection(SolutionConfigurationPlatforms) = preSolution
		Ad-Hoc|Any CPU = Ad-Hoc|Any CPU
		Ad-Hoc|ARM = Ad-Hoc|ARM
		Ad-Hoc|iPhone = Ad-Hoc|iPhone
		Ad-Hoc|iPhoneSimulator = Ad-Hoc|iPhoneSimulator
		Ad-Hoc|x64 = Ad-Hoc|x64
		Ad-Hoc|x86 = Ad-Hoc|x86
		AppStore|Any CPU = AppStore|Any CPU
		AppStore|ARM = AppStore|ARM
		AppStore|iPhone = AppStore|iPhone
		AppStore|iPhoneSimulator = AppStore|iPhoneSimulator
		AppStore|x64 = AppStore|x64
		AppStore|x86 = AppStore|x86
		Debug|Any CPU = Debug|Any CPU
		Debug|ARM = Debug|ARM
		Debug|iPhone = Debug|iPhone
		Debug|iPhoneSimulator = Debug|iPhoneSimulator
		Debug|x64 = Debug|x64
		Debug|x86 = Debug|x86
		Release|Any CPU = Release|Any CPU
		Release|ARM = Release|ARM
		Release|iPhone = Release|iPhone
		Release|iPhoneSimulator = Release|iPhoneSimulator
		Release|x64 = Release|x64
		Release|x86 = Release|x86
	EndGlobalSection
	GlobalSection(ProjectConfigurationPlatforms) = postSolution
		{B3D1E040-CF30-4B71-846B-F1E188DB867F}.Ad-Hoc|Any CPU.ActiveCfg = Release|Any CPU
		{B3D1E040-CF30-4B71-846B-F1E188DB867F}.Ad-Hoc|Any CPU.Build.0 = Release|Any CPU
		{B3D1E040-CF30-4B71-846B-F1E188DB867F}.Ad-Hoc|Any CPU.Deploy.0 = Release|Any CPU
		{B3D1E040-CF30-4B71-846B-F1E188DB867F}.Ad-Hoc|ARM.ActiveCfg = Release|Any CPU
		{B3D1E040-CF30-4B71-846B-F1E188DB867F}.Ad-Hoc|ARM.Build.0 = Release|Any CPU
		{B3D1E040-CF30-4B71-846B-F1E188DB867F}.Ad-Hoc|ARM.Deploy.0 = Release|Any CPU
		{B3D1E040-CF30-4B71-846B-F1E188DB867F}.Ad-Hoc|iPhone.ActiveCfg = Release|Any CPU
		{B3D1E040-CF30-4B71-846B-F1E188DB867F}.Ad-Hoc|iPhone.Build.0 = Release|Any CPU
		{B3D1E040-CF30-4B71-846B-F1E188DB867F}.Ad-Hoc|iPhone.Deploy.0 = Release|Any CPU
		{B3D1E040-CF30-4B71-846B-F1E188DB867F}.Ad-Hoc|iPhoneSimulator.ActiveCfg = Release|Any CPU
		{B3D1E040-CF30-4B71-846B-F1E188DB867F}.Ad-Hoc|iPhoneSimulator.Build.0 = Release|Any CPU
		{B3D1E040-CF30-4B71-846B-F1E188DB867F}.Ad-Hoc|iPhoneSimulator.Deploy.0 = Release|Any CPU
		{B3D1E040-CF30-4B71-846B-F1E188DB867F}.Ad-Hoc|x64.ActiveCfg = Release|Any CPU
		{B3D1E040-CF30-4B71-846B-F1E188DB867F}.Ad-Hoc|x64.Build.0 = Release|Any CPU
		{B3D1E040-CF30-4B71-846B-F1E188DB867F}.Ad-Hoc|x64.Deploy.0 = Release|Any CPU
		{B3D1E040-CF30-4B71-846B-F1E188DB867F}.Ad-Hoc|x86.ActiveCfg = Release|Any CPU
		{B3D1E040-CF30-4B71-846B-F1E188DB867F}.Ad-Hoc|x86.Build.0 = Release|Any CPU
		{B3D1E040-CF30-4B71-846B-F1E188DB867F}.Ad-Hoc|x86.Deploy.0 = Release|Any CPU
		{B3D1E040-CF30-4B71-846B-F1E188DB867F}.AppStore|Any CPU.ActiveCfg = Release|Any CPU
		{B3D1E040-CF30-4B71-846B-F1E188DB867F}.AppStore|Any CPU.Build.0 = Release|Any CPU
		{B3D1E040-CF30-4B71-846B-F1E188DB867F}.AppStore|Any CPU.Deploy.0 = Release|Any CPU
		{B3D1E040-CF30-4B71-846B-F1E188DB867F}.AppStore|ARM.ActiveCfg = Release|Any CPU
		{B3D1E040-CF30-4B71-846B-F1E188DB867F}.AppStore|ARM.Build.0 = Release|Any CPU
		{B3D1E040-CF30-4B71-846B-F1E188DB867F}.AppStore|ARM.Deploy.0 = Release|Any CPU
		{B3D1E040-CF30-4B71-846B-F1E188DB867F}.AppStore|iPhone.ActiveCfg = Release|Any CPU
		{B3D1E040-CF30-4B71-846B-F1E188DB867F}.AppStore|iPhone.Build.0 = Release|Any CPU
		{B3D1E040-CF30-4B71-846B-F1E188DB867F}.AppStore|iPhone.Deploy.0 = Release|Any CPU
		{B3D1E040-CF30-4B71-846B-F1E188DB867F}.AppStore|iPhoneSimulator.ActiveCfg = Release|Any CPU
		{B3D1E040-CF30-4B71-846B-F1E188DB867F}.AppStore|iPhoneSimulator.Build.0 = Release|Any CPU
		{B3D1E040-CF30-4B71-846B-F1E188DB867F}.AppStore|iPhoneSimulator.Deploy.0 = Release|Any CPU
		{B3D1E040-CF30-4B71-846B-F1E188DB867F}.AppStore|x64.ActiveCfg = Release|Any CPU
		{B3D1E040-CF30-4B71-846B-F1E188DB867F}.AppStore|x64.Build.0 = Release|Any CPU
		{B3D1E040-CF30-4B71-846B-F1E188DB867F}.AppStore|x64.Deploy.0 = Release|Any CPU
		{B3D1E040-CF30-4B71-846B-F1E188DB867F}.AppStore|x86.ActiveCfg = Release|Any CPU
		{B3D1E040-CF30-4B71-846B-F1E188DB867F}.AppStore|x86.Build.0 = Release|Any CPU
		{B3D1E040-CF30-4B71-846B-F1E188DB867F}.AppStore|x86.Deploy.0 = Release|Any CPU
		{B3D1E040-CF30-4B71-846B-F1E188DB867F}.Debug|Any CPU.ActiveCfg = Debug|Any CPU
		{B3D1E040-CF30-4B71-846B-F1E188DB867F}.Debug|Any CPU.Build.0 = Debug|Any CPU
		{B3D1E040-CF30-4B71-846B-F1E188DB867F}.Debug|Any CPU.Deploy.0 = Debug|Any CPU
		{B3D1E040-CF30-4B71-846B-F1E188DB867F}.Debug|ARM.ActiveCfg = Debug|Any CPU
		{B3D1E040-CF30-4B71-846B-F1E188DB867F}.Debug|ARM.Build.0 = Debug|Any CPU
		{B3D1E040-CF30-4B71-846B-F1E188DB867F}.Debug|ARM.Deploy.0 = Debug|Any CPU
		{B3D1E040-CF30-4B71-846B-F1E188DB867F}.Debug|iPhone.ActiveCfg = Debug|Any CPU
		{B3D1E040-CF30-4B71-846B-F1E188DB867F}.Debug|iPhone.Build.0 = Debug|Any CPU
		{B3D1E040-CF30-4B71-846B-F1E188DB867F}.Debug|iPhone.Deploy.0 = Debug|Any CPU
		{B3D1E040-CF30-4B71-846B-F1E188DB867F}.Debug|iPhoneSimulator.ActiveCfg = Debug|Any CPU
		{B3D1E040-CF30-4B71-846B-F1E188DB867F}.Debug|iPhoneSimulator.Build.0 = Debug|Any CPU
		{B3D1E040-CF30-4B71-846B-F1E188DB867F}.Debug|iPhoneSimulator.Deploy.0 = Debug|Any CPU
		{B3D1E040-CF30-4B71-846B-F1E188DB867F}.Debug|x64.ActiveCfg = Debug|Any CPU
		{B3D1E040-CF30-4B71-846B-F1E188DB867F}.Debug|x64.Build.0 = Debug|Any CPU
		{B3D1E040-CF30-4B71-846B-F1E188DB867F}.Debug|x64.Deploy.0 = Debug|Any CPU
		{B3D1E040-CF30-4B71-846B-F1E188DB867F}.Debug|x86.ActiveCfg = Debug|Any CPU
		{B3D1E040-CF30-4B71-846B-F1E188DB867F}.Debug|x86.Build.0 = Debug|Any CPU
		{B3D1E040-CF30-4B71-846B-F1E188DB867F}.Debug|x86.Deploy.0 = Debug|Any CPU
		{B3D1E040-CF30-4B71-846B-F1E188DB867F}.Release|Any CPU.ActiveCfg = Release|Any CPU
		{B3D1E040-CF30-4B71-846B-F1E188DB867F}.Release|Any CPU.Build.0 = Release|Any CPU
		{B3D1E040-CF30-4B71-846B-F1E188DB867F}.Release|Any CPU.Deploy.0 = Release|Any CPU
		{B3D1E040-CF30-4B71-846B-F1E188DB867F}.Release|ARM.ActiveCfg = Release|Any CPU
		{B3D1E040-CF30-4B71-846B-F1E188DB867F}.Release|ARM.Build.0 = Release|Any CPU
		{B3D1E040-CF30-4B71-846B-F1E188DB867F}.Release|ARM.Deploy.0 = Release|Any CPU
		{B3D1E040-CF30-4B71-846B-F1E188DB867F}.Release|iPhone.ActiveCfg = Release|Any CPU
		{B3D1E040-CF30-4B71-846B-F1E188DB867F}.Release|iPhone.Build.0 = Release|Any CPU
		{B3D1E040-CF30-4B71-846B-F1E188DB867F}.Release|iPhone.Deploy.0 = Release|Any CPU
		{B3D1E040-CF30-4B71-846B-F1E188DB867F}.Release|iPhoneSimulator.ActiveCfg = Release|Any CPU
		{B3D1E040-CF30-4B71-846B-F1E188DB867F}.Release|iPhoneSimulator.Build.0 = Release|Any CPU
		{B3D1E040-CF30-4B71-846B-F1E188DB867F}.Release|iPhoneSimulator.Deploy.0 = Release|Any CPU
		{B3D1E040-CF30-4B71-846B-F1E188DB867F}.Release|x64.ActiveCfg = Release|Any CPU
		{B3D1E040-CF30-4B71-846B-F1E188DB867F}.Release|x64.Build.0 = Release|Any CPU
		{B3D1E040-CF30-4B71-846B-F1E188DB867F}.Release|x64.Deploy.0 = Release|Any CPU
		{B3D1E040-CF30-4B71-846B-F1E188DB867F}.Release|x86.ActiveCfg = Release|Any CPU
		{B3D1E040-CF30-4B71-846B-F1E188DB867F}.Release|x86.Build.0 = Release|Any CPU
		{B3D1E040-CF30-4B71-846B-F1E188DB867F}.Release|x86.Deploy.0 = Release|Any CPU
		{954E04FD-CF49-41D3-AB97-ADE465A4A5FD}.Ad-Hoc|Any CPU.ActiveCfg = Ad-Hoc|iPhone
		{954E04FD-CF49-41D3-AB97-ADE465A4A5FD}.Ad-Hoc|ARM.ActiveCfg = Ad-Hoc|iPhone
		{954E04FD-CF49-41D3-AB97-ADE465A4A5FD}.Ad-Hoc|iPhone.ActiveCfg = Ad-Hoc|iPhone
		{954E04FD-CF49-41D3-AB97-ADE465A4A5FD}.Ad-Hoc|iPhone.Build.0 = Ad-Hoc|iPhone
		{954E04FD-CF49-41D3-AB97-ADE465A4A5FD}.Ad-Hoc|iPhoneSimulator.ActiveCfg = Ad-Hoc|iPhoneSimulator
		{954E04FD-CF49-41D3-AB97-ADE465A4A5FD}.Ad-Hoc|iPhoneSimulator.Build.0 = Ad-Hoc|iPhoneSimulator
		{954E04FD-CF49-41D3-AB97-ADE465A4A5FD}.Ad-Hoc|x64.ActiveCfg = Ad-Hoc|iPhone
		{954E04FD-CF49-41D3-AB97-ADE465A4A5FD}.Ad-Hoc|x86.ActiveCfg = Ad-Hoc|iPhone
		{954E04FD-CF49-41D3-AB97-ADE465A4A5FD}.AppStore|Any CPU.ActiveCfg = AppStore|iPhone
		{954E04FD-CF49-41D3-AB97-ADE465A4A5FD}.AppStore|ARM.ActiveCfg = AppStore|iPhone
		{954E04FD-CF49-41D3-AB97-ADE465A4A5FD}.AppStore|iPhone.ActiveCfg = AppStore|iPhone
		{954E04FD-CF49-41D3-AB97-ADE465A4A5FD}.AppStore|iPhone.Build.0 = AppStore|iPhone
		{954E04FD-CF49-41D3-AB97-ADE465A4A5FD}.AppStore|iPhoneSimulator.ActiveCfg = AppStore|iPhoneSimulator
		{954E04FD-CF49-41D3-AB97-ADE465A4A5FD}.AppStore|iPhoneSimulator.Build.0 = AppStore|iPhoneSimulator
		{954E04FD-CF49-41D3-AB97-ADE465A4A5FD}.AppStore|x64.ActiveCfg = AppStore|iPhone
		{954E04FD-CF49-41D3-AB97-ADE465A4A5FD}.AppStore|x86.ActiveCfg = AppStore|iPhone
		{954E04FD-CF49-41D3-AB97-ADE465A4A5FD}.Debug|Any CPU.ActiveCfg = Debug|iPhone
		{954E04FD-CF49-41D3-AB97-ADE465A4A5FD}.Debug|ARM.ActiveCfg = Debug|iPhone
		{954E04FD-CF49-41D3-AB97-ADE465A4A5FD}.Debug|iPhone.ActiveCfg = Debug|iPhone
		{954E04FD-CF49-41D3-AB97-ADE465A4A5FD}.Debug|iPhone.Build.0 = Debug|iPhone
		{954E04FD-CF49-41D3-AB97-ADE465A4A5FD}.Debug|iPhoneSimulator.ActiveCfg = Debug|iPhoneSimulator
		{954E04FD-CF49-41D3-AB97-ADE465A4A5FD}.Debug|iPhoneSimulator.Build.0 = Debug|iPhoneSimulator
		{954E04FD-CF49-41D3-AB97-ADE465A4A5FD}.Debug|x64.ActiveCfg = Debug|iPhone
		{954E04FD-CF49-41D3-AB97-ADE465A4A5FD}.Debug|x86.ActiveCfg = Debug|iPhone
		{954E04FD-CF49-41D3-AB97-ADE465A4A5FD}.Release|Any CPU.ActiveCfg = Release|iPhone
		{954E04FD-CF49-41D3-AB97-ADE465A4A5FD}.Release|ARM.ActiveCfg = Release|iPhone
		{954E04FD-CF49-41D3-AB97-ADE465A4A5FD}.Release|iPhone.ActiveCfg = Release|iPhone
		{954E04FD-CF49-41D3-AB97-ADE465A4A5FD}.Release|iPhone.Build.0 = Release|iPhone
		{954E04FD-CF49-41D3-AB97-ADE465A4A5FD}.Release|iPhoneSimulator.ActiveCfg = Release|iPhoneSimulator
		{954E04FD-CF49-41D3-AB97-ADE465A4A5FD}.Release|iPhoneSimulator.Build.0 = Release|iPhoneSimulator
		{954E04FD-CF49-41D3-AB97-ADE465A4A5FD}.Release|x64.ActiveCfg = Release|iPhone
		{954E04FD-CF49-41D3-AB97-ADE465A4A5FD}.Release|x86.ActiveCfg = Release|iPhone
		{30B435E8-50EF-4947-A37B-03E677619CF5}.Ad-Hoc|Any CPU.ActiveCfg = Release|Any CPU
		{30B435E8-50EF-4947-A37B-03E677619CF5}.Ad-Hoc|Any CPU.Build.0 = Release|Any CPU
		{30B435E8-50EF-4947-A37B-03E677619CF5}.Ad-Hoc|Any CPU.Deploy.0 = Release|Any CPU
		{30B435E8-50EF-4947-A37B-03E677619CF5}.Ad-Hoc|ARM.ActiveCfg = Release|ARM
		{30B435E8-50EF-4947-A37B-03E677619CF5}.Ad-Hoc|ARM.Build.0 = Release|ARM
		{30B435E8-50EF-4947-A37B-03E677619CF5}.Ad-Hoc|ARM.Deploy.0 = Release|ARM
		{30B435E8-50EF-4947-A37B-03E677619CF5}.Ad-Hoc|iPhone.ActiveCfg = Release|Any CPU
		{30B435E8-50EF-4947-A37B-03E677619CF5}.Ad-Hoc|iPhone.Build.0 = Release|Any CPU
		{30B435E8-50EF-4947-A37B-03E677619CF5}.Ad-Hoc|iPhone.Deploy.0 = Release|Any CPU
		{30B435E8-50EF-4947-A37B-03E677619CF5}.Ad-Hoc|iPhoneSimulator.ActiveCfg = Release|Any CPU
		{30B435E8-50EF-4947-A37B-03E677619CF5}.Ad-Hoc|iPhoneSimulator.Build.0 = Release|Any CPU
		{30B435E8-50EF-4947-A37B-03E677619CF5}.Ad-Hoc|iPhoneSimulator.Deploy.0 = Release|Any CPU
		{30B435E8-50EF-4947-A37B-03E677619CF5}.Ad-Hoc|x64.ActiveCfg = Release|Any CPU
		{30B435E8-50EF-4947-A37B-03E677619CF5}.Ad-Hoc|x64.Build.0 = Release|Any CPU
		{30B435E8-50EF-4947-A37B-03E677619CF5}.Ad-Hoc|x64.Deploy.0 = Release|Any CPU
		{30B435E8-50EF-4947-A37B-03E677619CF5}.Ad-Hoc|x86.ActiveCfg = Release|x86
		{30B435E8-50EF-4947-A37B-03E677619CF5}.Ad-Hoc|x86.Build.0 = Release|x86
		{30B435E8-50EF-4947-A37B-03E677619CF5}.Ad-Hoc|x86.Deploy.0 = Release|x86
		{30B435E8-50EF-4947-A37B-03E677619CF5}.AppStore|Any CPU.ActiveCfg = Release|Any CPU
		{30B435E8-50EF-4947-A37B-03E677619CF5}.AppStore|Any CPU.Build.0 = Release|Any CPU
		{30B435E8-50EF-4947-A37B-03E677619CF5}.AppStore|Any CPU.Deploy.0 = Release|Any CPU
		{30B435E8-50EF-4947-A37B-03E677619CF5}.AppStore|ARM.ActiveCfg = Release|ARM
		{30B435E8-50EF-4947-A37B-03E677619CF5}.AppStore|ARM.Build.0 = Release|ARM
		{30B435E8-50EF-4947-A37B-03E677619CF5}.AppStore|ARM.Deploy.0 = Release|ARM
		{30B435E8-50EF-4947-A37B-03E677619CF5}.AppStore|iPhone.ActiveCfg = Release|Any CPU
		{30B435E8-50EF-4947-A37B-03E677619CF5}.AppStore|iPhone.Build.0 = Release|Any CPU
		{30B435E8-50EF-4947-A37B-03E677619CF5}.AppStore|iPhone.Deploy.0 = Release|Any CPU
		{30B435E8-50EF-4947-A37B-03E677619CF5}.AppStore|iPhoneSimulator.ActiveCfg = Release|Any CPU
		{30B435E8-50EF-4947-A37B-03E677619CF5}.AppStore|iPhoneSimulator.Build.0 = Release|Any CPU
		{30B435E8-50EF-4947-A37B-03E677619CF5}.AppStore|iPhoneSimulator.Deploy.0 = Release|Any CPU
		{30B435E8-50EF-4947-A37B-03E677619CF5}.AppStore|x64.ActiveCfg = Release|Any CPU
		{30B435E8-50EF-4947-A37B-03E677619CF5}.AppStore|x64.Build.0 = Release|Any CPU
		{30B435E8-50EF-4947-A37B-03E677619CF5}.AppStore|x64.Deploy.0 = Release|Any CPU
		{30B435E8-50EF-4947-A37B-03E677619CF5}.AppStore|x86.ActiveCfg = Release|x86
		{30B435E8-50EF-4947-A37B-03E677619CF5}.AppStore|x86.Build.0 = Release|x86
		{30B435E8-50EF-4947-A37B-03E677619CF5}.AppStore|x86.Deploy.0 = Release|x86
		{30B435E8-50EF-4947-A37B-03E677619CF5}.Debug|Any CPU.ActiveCfg = Debug|Any CPU
		{30B435E8-50EF-4947-A37B-03E677619CF5}.Debug|Any CPU.Build.0 = Debug|Any CPU
		{30B435E8-50EF-4947-A37B-03E677619CF5}.Debug|Any CPU.Deploy.0 = Debug|Any CPU
		{30B435E8-50EF-4947-A37B-03E677619CF5}.Debug|ARM.ActiveCfg = Debug|ARM
		{30B435E8-50EF-4947-A37B-03E677619CF5}.Debug|ARM.Build.0 = Debug|ARM
		{30B435E8-50EF-4947-A37B-03E677619CF5}.Debug|ARM.Deploy.0 = Debug|ARM
		{30B435E8-50EF-4947-A37B-03E677619CF5}.Debug|iPhone.ActiveCfg = Debug|Any CPU
		{30B435E8-50EF-4947-A37B-03E677619CF5}.Debug|iPhone.Build.0 = Debug|Any CPU
		{30B435E8-50EF-4947-A37B-03E677619CF5}.Debug|iPhone.Deploy.0 = Debug|Any CPU
		{30B435E8-50EF-4947-A37B-03E677619CF5}.Debug|iPhoneSimulator.ActiveCfg = Debug|Any CPU
		{30B435E8-50EF-4947-A37B-03E677619CF5}.Debug|iPhoneSimulator.Build.0 = Debug|Any CPU
		{30B435E8-50EF-4947-A37B-03E677619CF5}.Debug|iPhoneSimulator.Deploy.0 = Debug|Any CPU
		{30B435E8-50EF-4947-A37B-03E677619CF5}.Debug|x64.ActiveCfg = Debug|Any CPU
		{30B435E8-50EF-4947-A37B-03E677619CF5}.Debug|x64.Build.0 = Debug|Any CPU
		{30B435E8-50EF-4947-A37B-03E677619CF5}.Debug|x64.Deploy.0 = Debug|Any CPU
		{30B435E8-50EF-4947-A37B-03E677619CF5}.Debug|x86.ActiveCfg = Debug|x86
		{30B435E8-50EF-4947-A37B-03E677619CF5}.Debug|x86.Build.0 = Debug|x86
		{30B435E8-50EF-4947-A37B-03E677619CF5}.Debug|x86.Deploy.0 = Debug|x86
		{30B435E8-50EF-4947-A37B-03E677619CF5}.Release|Any CPU.ActiveCfg = Release|Any CPU
		{30B435E8-50EF-4947-A37B-03E677619CF5}.Release|Any CPU.Build.0 = Release|Any CPU
		{30B435E8-50EF-4947-A37B-03E677619CF5}.Release|Any CPU.Deploy.0 = Release|Any CPU
		{30B435E8-50EF-4947-A37B-03E677619CF5}.Release|ARM.ActiveCfg = Release|ARM
		{30B435E8-50EF-4947-A37B-03E677619CF5}.Release|ARM.Build.0 = Release|ARM
		{30B435E8-50EF-4947-A37B-03E677619CF5}.Release|ARM.Deploy.0 = Release|ARM
		{30B435E8-50EF-4947-A37B-03E677619CF5}.Release|iPhone.ActiveCfg = Release|Any CPU
		{30B435E8-50EF-4947-A37B-03E677619CF5}.Release|iPhone.Build.0 = Release|Any CPU
		{30B435E8-50EF-4947-A37B-03E677619CF5}.Release|iPhone.Deploy.0 = Release|Any CPU
		{30B435E8-50EF-4947-A37B-03E677619CF5}.Release|iPhoneSimulator.ActiveCfg = Release|Any CPU
		{30B435E8-50EF-4947-A37B-03E677619CF5}.Release|iPhoneSimulator.Build.0 = Release|Any CPU
		{30B435E8-50EF-4947-A37B-03E677619CF5}.Release|iPhoneSimulator.Deploy.0 = Release|Any CPU
		{30B435E8-50EF-4947-A37B-03E677619CF5}.Release|x64.ActiveCfg = Release|Any CPU
		{30B435E8-50EF-4947-A37B-03E677619CF5}.Release|x64.Build.0 = Release|Any CPU
		{30B435E8-50EF-4947-A37B-03E677619CF5}.Release|x64.Deploy.0 = Release|Any CPU
		{30B435E8-50EF-4947-A37B-03E677619CF5}.Release|x86.ActiveCfg = Release|x86
		{30B435E8-50EF-4947-A37B-03E677619CF5}.Release|x86.Build.0 = Release|x86
		{30B435E8-50EF-4947-A37B-03E677619CF5}.Release|x86.Deploy.0 = Release|x86
		{7898F806-4AA0-4DD0-B16F-B676B931F252}.Ad-Hoc|Any CPU.ActiveCfg = Release|x86
		{7898F806-4AA0-4DD0-B16F-B676B931F252}.Ad-Hoc|Any CPU.Build.0 = Release|x86
		{7898F806-4AA0-4DD0-B16F-B676B931F252}.Ad-Hoc|Any CPU.Deploy.0 = Release|x86
		{7898F806-4AA0-4DD0-B16F-B676B931F252}.Ad-Hoc|ARM.ActiveCfg = Release|ARM
		{7898F806-4AA0-4DD0-B16F-B676B931F252}.Ad-Hoc|ARM.Build.0 = Release|ARM
		{7898F806-4AA0-4DD0-B16F-B676B931F252}.Ad-Hoc|ARM.Deploy.0 = Release|ARM
		{7898F806-4AA0-4DD0-B16F-B676B931F252}.Ad-Hoc|iPhone.ActiveCfg = Release|x86
		{7898F806-4AA0-4DD0-B16F-B676B931F252}.Ad-Hoc|iPhone.Build.0 = Release|x86
		{7898F806-4AA0-4DD0-B16F-B676B931F252}.Ad-Hoc|iPhone.Deploy.0 = Release|x86
		{7898F806-4AA0-4DD0-B16F-B676B931F252}.Ad-Hoc|iPhoneSimulator.ActiveCfg = Release|x86
		{7898F806-4AA0-4DD0-B16F-B676B931F252}.Ad-Hoc|iPhoneSimulator.Build.0 = Release|x86
		{7898F806-4AA0-4DD0-B16F-B676B931F252}.Ad-Hoc|iPhoneSimulator.Deploy.0 = Release|x86
		{7898F806-4AA0-4DD0-B16F-B676B931F252}.Ad-Hoc|x64.ActiveCfg = Release|x64
		{7898F806-4AA0-4DD0-B16F-B676B931F252}.Ad-Hoc|x64.Build.0 = Release|x64
		{7898F806-4AA0-4DD0-B16F-B676B931F252}.Ad-Hoc|x64.Deploy.0 = Release|x64
		{7898F806-4AA0-4DD0-B16F-B676B931F252}.Ad-Hoc|x86.ActiveCfg = Release|x86
		{7898F806-4AA0-4DD0-B16F-B676B931F252}.Ad-Hoc|x86.Build.0 = Release|x86
		{7898F806-4AA0-4DD0-B16F-B676B931F252}.Ad-Hoc|x86.Deploy.0 = Release|x86
		{7898F806-4AA0-4DD0-B16F-B676B931F252}.AppStore|Any CPU.ActiveCfg = Release|x86
		{7898F806-4AA0-4DD0-B16F-B676B931F252}.AppStore|Any CPU.Build.0 = Release|x86
		{7898F806-4AA0-4DD0-B16F-B676B931F252}.AppStore|Any CPU.Deploy.0 = Release|x86
		{7898F806-4AA0-4DD0-B16F-B676B931F252}.AppStore|ARM.ActiveCfg = Release|ARM
		{7898F806-4AA0-4DD0-B16F-B676B931F252}.AppStore|ARM.Build.0 = Release|ARM
		{7898F806-4AA0-4DD0-B16F-B676B931F252}.AppStore|ARM.Deploy.0 = Release|ARM
		{7898F806-4AA0-4DD0-B16F-B676B931F252}.AppStore|iPhone.ActiveCfg = Release|x86
		{7898F806-4AA0-4DD0-B16F-B676B931F252}.AppStore|iPhone.Build.0 = Release|x86
		{7898F806-4AA0-4DD0-B16F-B676B931F252}.AppStore|iPhone.Deploy.0 = Release|x86
		{7898F806-4AA0-4DD0-B16F-B676B931F252}.AppStore|iPhoneSimulator.ActiveCfg = Release|x86
		{7898F806-4AA0-4DD0-B16F-B676B931F252}.AppStore|iPhoneSimulator.Build.0 = Release|x86
		{7898F806-4AA0-4DD0-B16F-B676B931F252}.AppStore|iPhoneSimulator.Deploy.0 = Release|x86
		{7898F806-4AA0-4DD0-B16F-B676B931F252}.AppStore|x64.ActiveCfg = Release|x64
		{7898F806-4AA0-4DD0-B16F-B676B931F252}.AppStore|x64.Build.0 = Release|x64
		{7898F806-4AA0-4DD0-B16F-B676B931F252}.AppStore|x64.Deploy.0 = Release|x64
		{7898F806-4AA0-4DD0-B16F-B676B931F252}.AppStore|x86.ActiveCfg = Release|x86
		{7898F806-4AA0-4DD0-B16F-B676B931F252}.AppStore|x86.Build.0 = Release|x86
		{7898F806-4AA0-4DD0-B16F-B676B931F252}.AppStore|x86.Deploy.0 = Release|x86
		{7898F806-4AA0-4DD0-B16F-B676B931F252}.Debug|Any CPU.ActiveCfg = Debug|x86
		{7898F806-4AA0-4DD0-B16F-B676B931F252}.Debug|ARM.ActiveCfg = Debug|ARM
		{7898F806-4AA0-4DD0-B16F-B676B931F252}.Debug|ARM.Build.0 = Debug|ARM
		{7898F806-4AA0-4DD0-B16F-B676B931F252}.Debug|ARM.Deploy.0 = Debug|ARM
		{7898F806-4AA0-4DD0-B16F-B676B931F252}.Debug|iPhone.ActiveCfg = Debug|x86
		{7898F806-4AA0-4DD0-B16F-B676B931F252}.Debug|iPhoneSimulator.ActiveCfg = Debug|x86
		{7898F806-4AA0-4DD0-B16F-B676B931F252}.Debug|x64.ActiveCfg = Debug|x64
		{7898F806-4AA0-4DD0-B16F-B676B931F252}.Debug|x64.Build.0 = Debug|x64
		{7898F806-4AA0-4DD0-B16F-B676B931F252}.Debug|x64.Deploy.0 = Debug|x64
		{7898F806-4AA0-4DD0-B16F-B676B931F252}.Debug|x86.ActiveCfg = Debug|x86
		{7898F806-4AA0-4DD0-B16F-B676B931F252}.Debug|x86.Build.0 = Debug|x86
		{7898F806-4AA0-4DD0-B16F-B676B931F252}.Debug|x86.Deploy.0 = Debug|x86
		{7898F806-4AA0-4DD0-B16F-B676B931F252}.Release|Any CPU.ActiveCfg = Release|x86
		{7898F806-4AA0-4DD0-B16F-B676B931F252}.Release|ARM.ActiveCfg = Release|ARM
		{7898F806-4AA0-4DD0-B16F-B676B931F252}.Release|ARM.Build.0 = Release|ARM
		{7898F806-4AA0-4DD0-B16F-B676B931F252}.Release|ARM.Deploy.0 = Release|ARM
		{7898F806-4AA0-4DD0-B16F-B676B931F252}.Release|iPhone.ActiveCfg = Release|x86
		{7898F806-4AA0-4DD0-B16F-B676B931F252}.Release|iPhoneSimulator.ActiveCfg = Release|x86
		{7898F806-4AA0-4DD0-B16F-B676B931F252}.Release|x64.ActiveCfg = Release|x64
		{7898F806-4AA0-4DD0-B16F-B676B931F252}.Release|x64.Build.0 = Release|x64
		{7898F806-4AA0-4DD0-B16F-B676B931F252}.Release|x64.Deploy.0 = Release|x64
		{7898F806-4AA0-4DD0-B16F-B676B931F252}.Release|x86.ActiveCfg = Release|x86
		{7898F806-4AA0-4DD0-B16F-B676B931F252}.Release|x86.Build.0 = Release|x86
		{7898F806-4AA0-4DD0-B16F-B676B931F252}.Release|x86.Deploy.0 = Release|x86
		{88814DDD-A7A1-471B-9934-9939CFCFF8A9}.Ad-Hoc|Any CPU.ActiveCfg = Release|Any CPU
		{88814DDD-A7A1-471B-9934-9939CFCFF8A9}.Ad-Hoc|Any CPU.Build.0 = Release|Any CPU
		{88814DDD-A7A1-471B-9934-9939CFCFF8A9}.Ad-Hoc|Any CPU.Deploy.0 = Release|Any CPU
		{88814DDD-A7A1-471B-9934-9939CFCFF8A9}.Ad-Hoc|ARM.ActiveCfg = Release|ARM
		{88814DDD-A7A1-471B-9934-9939CFCFF8A9}.Ad-Hoc|ARM.Build.0 = Release|ARM
		{88814DDD-A7A1-471B-9934-9939CFCFF8A9}.Ad-Hoc|ARM.Deploy.0 = Release|ARM
		{88814DDD-A7A1-471B-9934-9939CFCFF8A9}.Ad-Hoc|iPhone.ActiveCfg = Release|Any CPU
		{88814DDD-A7A1-471B-9934-9939CFCFF8A9}.Ad-Hoc|iPhone.Build.0 = Release|Any CPU
		{88814DDD-A7A1-471B-9934-9939CFCFF8A9}.Ad-Hoc|iPhone.Deploy.0 = Release|Any CPU
		{88814DDD-A7A1-471B-9934-9939CFCFF8A9}.Ad-Hoc|iPhoneSimulator.ActiveCfg = Release|Any CPU
		{88814DDD-A7A1-471B-9934-9939CFCFF8A9}.Ad-Hoc|iPhoneSimulator.Build.0 = Release|Any CPU
		{88814DDD-A7A1-471B-9934-9939CFCFF8A9}.Ad-Hoc|iPhoneSimulator.Deploy.0 = Release|Any CPU
		{88814DDD-A7A1-471B-9934-9939CFCFF8A9}.Ad-Hoc|x64.ActiveCfg = Release|x64
		{88814DDD-A7A1-471B-9934-9939CFCFF8A9}.Ad-Hoc|x64.Build.0 = Release|x64
		{88814DDD-A7A1-471B-9934-9939CFCFF8A9}.Ad-Hoc|x64.Deploy.0 = Release|x64
		{88814DDD-A7A1-471B-9934-9939CFCFF8A9}.Ad-Hoc|x86.ActiveCfg = Release|x86
		{88814DDD-A7A1-471B-9934-9939CFCFF8A9}.Ad-Hoc|x86.Build.0 = Release|x86
		{88814DDD-A7A1-471B-9934-9939CFCFF8A9}.Ad-Hoc|x86.Deploy.0 = Release|x86
		{88814DDD-A7A1-471B-9934-9939CFCFF8A9}.AppStore|Any CPU.ActiveCfg = Release|Any CPU
		{88814DDD-A7A1-471B-9934-9939CFCFF8A9}.AppStore|Any CPU.Build.0 = Release|Any CPU
		{88814DDD-A7A1-471B-9934-9939CFCFF8A9}.AppStore|Any CPU.Deploy.0 = Release|Any CPU
		{88814DDD-A7A1-471B-9934-9939CFCFF8A9}.AppStore|ARM.ActiveCfg = Release|ARM
		{88814DDD-A7A1-471B-9934-9939CFCFF8A9}.AppStore|ARM.Build.0 = Release|ARM
		{88814DDD-A7A1-471B-9934-9939CFCFF8A9}.AppStore|ARM.Deploy.0 = Release|ARM
		{88814DDD-A7A1-471B-9934-9939CFCFF8A9}.AppStore|iPhone.ActiveCfg = Release|Any CPU
		{88814DDD-A7A1-471B-9934-9939CFCFF8A9}.AppStore|iPhone.Build.0 = Release|Any CPU
		{88814DDD-A7A1-471B-9934-9939CFCFF8A9}.AppStore|iPhone.Deploy.0 = Release|Any CPU
		{88814DDD-A7A1-471B-9934-9939CFCFF8A9}.AppStore|iPhoneSimulator.ActiveCfg = Release|Any CPU
		{88814DDD-A7A1-471B-9934-9939CFCFF8A9}.AppStore|iPhoneSimulator.Build.0 = Release|Any CPU
		{88814DDD-A7A1-471B-9934-9939CFCFF8A9}.AppStore|iPhoneSimulator.Deploy.0 = Release|Any CPU
		{88814DDD-A7A1-471B-9934-9939CFCFF8A9}.AppStore|x64.ActiveCfg = Release|x64
		{88814DDD-A7A1-471B-9934-9939CFCFF8A9}.AppStore|x64.Build.0 = Release|x64
		{88814DDD-A7A1-471B-9934-9939CFCFF8A9}.AppStore|x64.Deploy.0 = Release|x64
		{88814DDD-A7A1-471B-9934-9939CFCFF8A9}.AppStore|x86.ActiveCfg = Release|x86
		{88814DDD-A7A1-471B-9934-9939CFCFF8A9}.AppStore|x86.Build.0 = Release|x86
		{88814DDD-A7A1-471B-9934-9939CFCFF8A9}.AppStore|x86.Deploy.0 = Release|x86
		{88814DDD-A7A1-471B-9934-9939CFCFF8A9}.Debug|Any CPU.ActiveCfg = Debug|Any CPU
		{88814DDD-A7A1-471B-9934-9939CFCFF8A9}.Debug|Any CPU.Build.0 = Debug|Any CPU
		{88814DDD-A7A1-471B-9934-9939CFCFF8A9}.Debug|Any CPU.Deploy.0 = Debug|Any CPU
		{88814DDD-A7A1-471B-9934-9939CFCFF8A9}.Debug|ARM.ActiveCfg = Debug|ARM
		{88814DDD-A7A1-471B-9934-9939CFCFF8A9}.Debug|ARM.Build.0 = Debug|ARM
		{88814DDD-A7A1-471B-9934-9939CFCFF8A9}.Debug|ARM.Deploy.0 = Debug|ARM
		{88814DDD-A7A1-471B-9934-9939CFCFF8A9}.Debug|iPhone.ActiveCfg = Debug|Any CPU
		{88814DDD-A7A1-471B-9934-9939CFCFF8A9}.Debug|iPhone.Build.0 = Debug|Any CPU
		{88814DDD-A7A1-471B-9934-9939CFCFF8A9}.Debug|iPhone.Deploy.0 = Debug|Any CPU
		{88814DDD-A7A1-471B-9934-9939CFCFF8A9}.Debug|iPhoneSimulator.ActiveCfg = Debug|Any CPU
		{88814DDD-A7A1-471B-9934-9939CFCFF8A9}.Debug|iPhoneSimulator.Build.0 = Debug|Any CPU
		{88814DDD-A7A1-471B-9934-9939CFCFF8A9}.Debug|iPhoneSimulator.Deploy.0 = Debug|Any CPU
		{88814DDD-A7A1-471B-9934-9939CFCFF8A9}.Debug|x64.ActiveCfg = Debug|x64
		{88814DDD-A7A1-471B-9934-9939CFCFF8A9}.Debug|x64.Build.0 = Debug|x64
		{88814DDD-A7A1-471B-9934-9939CFCFF8A9}.Debug|x64.Deploy.0 = Debug|x64
		{88814DDD-A7A1-471B-9934-9939CFCFF8A9}.Debug|x86.ActiveCfg = Debug|x86
		{88814DDD-A7A1-471B-9934-9939CFCFF8A9}.Debug|x86.Build.0 = Debug|x86
		{88814DDD-A7A1-471B-9934-9939CFCFF8A9}.Debug|x86.Deploy.0 = Debug|x86
		{88814DDD-A7A1-471B-9934-9939CFCFF8A9}.Release|Any CPU.ActiveCfg = Release|Any CPU
		{88814DDD-A7A1-471B-9934-9939CFCFF8A9}.Release|Any CPU.Build.0 = Release|Any CPU
		{88814DDD-A7A1-471B-9934-9939CFCFF8A9}.Release|Any CPU.Deploy.0 = Release|Any CPU
		{88814DDD-A7A1-471B-9934-9939CFCFF8A9}.Release|ARM.ActiveCfg = Release|ARM
		{88814DDD-A7A1-471B-9934-9939CFCFF8A9}.Release|ARM.Build.0 = Release|ARM
		{88814DDD-A7A1-471B-9934-9939CFCFF8A9}.Release|ARM.Deploy.0 = Release|ARM
		{88814DDD-A7A1-471B-9934-9939CFCFF8A9}.Release|iPhone.ActiveCfg = Release|Any CPU
		{88814DDD-A7A1-471B-9934-9939CFCFF8A9}.Release|iPhone.Build.0 = Release|Any CPU
		{88814DDD-A7A1-471B-9934-9939CFCFF8A9}.Release|iPhone.Deploy.0 = Release|Any CPU
		{88814DDD-A7A1-471B-9934-9939CFCFF8A9}.Release|iPhoneSimulator.ActiveCfg = Release|Any CPU
		{88814DDD-A7A1-471B-9934-9939CFCFF8A9}.Release|iPhoneSimulator.Build.0 = Release|Any CPU
		{88814DDD-A7A1-471B-9934-9939CFCFF8A9}.Release|iPhoneSimulator.Deploy.0 = Release|Any CPU
		{88814DDD-A7A1-471B-9934-9939CFCFF8A9}.Release|x64.ActiveCfg = Release|x64
		{88814DDD-A7A1-471B-9934-9939CFCFF8A9}.Release|x64.Build.0 = Release|x64
		{88814DDD-A7A1-471B-9934-9939CFCFF8A9}.Release|x64.Deploy.0 = Release|x64
		{88814DDD-A7A1-471B-9934-9939CFCFF8A9}.Release|x86.ActiveCfg = Release|x86
		{88814DDD-A7A1-471B-9934-9939CFCFF8A9}.Release|x86.Build.0 = Release|x86
		{88814DDD-A7A1-471B-9934-9939CFCFF8A9}.Release|x86.Deploy.0 = Release|x86
		{B8C957E5-A4ED-48A1-BC60-5D3877752D44}.Ad-Hoc|Any CPU.ActiveCfg = Release|Any CPU
		{B8C957E5-A4ED-48A1-BC60-5D3877752D44}.Ad-Hoc|Any CPU.Build.0 = Release|Any CPU
		{B8C957E5-A4ED-48A1-BC60-5D3877752D44}.Ad-Hoc|ARM.ActiveCfg = Release|Any CPU
		{B8C957E5-A4ED-48A1-BC60-5D3877752D44}.Ad-Hoc|ARM.Build.0 = Release|Any CPU
		{B8C957E5-A4ED-48A1-BC60-5D3877752D44}.Ad-Hoc|iPhone.ActiveCfg = Release|Any CPU
		{B8C957E5-A4ED-48A1-BC60-5D3877752D44}.Ad-Hoc|iPhone.Build.0 = Release|Any CPU
		{B8C957E5-A4ED-48A1-BC60-5D3877752D44}.Ad-Hoc|iPhoneSimulator.ActiveCfg = Release|Any CPU
		{B8C957E5-A4ED-48A1-BC60-5D3877752D44}.Ad-Hoc|iPhoneSimulator.Build.0 = Release|Any CPU
		{B8C957E5-A4ED-48A1-BC60-5D3877752D44}.Ad-Hoc|x64.ActiveCfg = Release|Any CPU
		{B8C957E5-A4ED-48A1-BC60-5D3877752D44}.Ad-Hoc|x64.Build.0 = Release|Any CPU
		{B8C957E5-A4ED-48A1-BC60-5D3877752D44}.Ad-Hoc|x86.ActiveCfg = Release|Any CPU
		{B8C957E5-A4ED-48A1-BC60-5D3877752D44}.Ad-Hoc|x86.Build.0 = Release|Any CPU
		{B8C957E5-A4ED-48A1-BC60-5D3877752D44}.AppStore|Any CPU.ActiveCfg = Release|Any CPU
		{B8C957E5-A4ED-48A1-BC60-5D3877752D44}.AppStore|Any CPU.Build.0 = Release|Any CPU
		{B8C957E5-A4ED-48A1-BC60-5D3877752D44}.AppStore|ARM.ActiveCfg = Release|Any CPU
		{B8C957E5-A4ED-48A1-BC60-5D3877752D44}.AppStore|ARM.Build.0 = Release|Any CPU
		{B8C957E5-A4ED-48A1-BC60-5D3877752D44}.AppStore|iPhone.ActiveCfg = Release|Any CPU
		{B8C957E5-A4ED-48A1-BC60-5D3877752D44}.AppStore|iPhone.Build.0 = Release|Any CPU
		{B8C957E5-A4ED-48A1-BC60-5D3877752D44}.AppStore|iPhoneSimulator.ActiveCfg = Release|Any CPU
		{B8C957E5-A4ED-48A1-BC60-5D3877752D44}.AppStore|iPhoneSimulator.Build.0 = Release|Any CPU
		{B8C957E5-A4ED-48A1-BC60-5D3877752D44}.AppStore|x64.ActiveCfg = Release|Any CPU
		{B8C957E5-A4ED-48A1-BC60-5D3877752D44}.AppStore|x64.Build.0 = Release|Any CPU
		{B8C957E5-A4ED-48A1-BC60-5D3877752D44}.AppStore|x86.ActiveCfg = Release|Any CPU
		{B8C957E5-A4ED-48A1-BC60-5D3877752D44}.AppStore|x86.Build.0 = Release|Any CPU
		{B8C957E5-A4ED-48A1-BC60-5D3877752D44}.Debug|Any CPU.ActiveCfg = Debug|Any CPU
		{B8C957E5-A4ED-48A1-BC60-5D3877752D44}.Debug|Any CPU.Build.0 = Debug|Any CPU
		{B8C957E5-A4ED-48A1-BC60-5D3877752D44}.Debug|ARM.ActiveCfg = Debug|Any CPU
		{B8C957E5-A4ED-48A1-BC60-5D3877752D44}.Debug|ARM.Build.0 = Debug|Any CPU
		{B8C957E5-A4ED-48A1-BC60-5D3877752D44}.Debug|iPhone.ActiveCfg = Debug|Any CPU
		{B8C957E5-A4ED-48A1-BC60-5D3877752D44}.Debug|iPhone.Build.0 = Debug|Any CPU
		{B8C957E5-A4ED-48A1-BC60-5D3877752D44}.Debug|iPhoneSimulator.ActiveCfg = Debug|Any CPU
		{B8C957E5-A4ED-48A1-BC60-5D3877752D44}.Debug|iPhoneSimulator.Build.0 = Debug|Any CPU
		{B8C957E5-A4ED-48A1-BC60-5D3877752D44}.Debug|x64.ActiveCfg = Debug|Any CPU
		{B8C957E5-A4ED-48A1-BC60-5D3877752D44}.Debug|x64.Build.0 = Debug|Any CPU
		{B8C957E5-A4ED-48A1-BC60-5D3877752D44}.Debug|x86.ActiveCfg = Debug|Any CPU
		{B8C957E5-A4ED-48A1-BC60-5D3877752D44}.Debug|x86.Build.0 = Debug|Any CPU
		{B8C957E5-A4ED-48A1-BC60-5D3877752D44}.Release|Any CPU.ActiveCfg = Release|Any CPU
		{B8C957E5-A4ED-48A1-BC60-5D3877752D44}.Release|Any CPU.Build.0 = Release|Any CPU
		{B8C957E5-A4ED-48A1-BC60-5D3877752D44}.Release|ARM.ActiveCfg = Release|Any CPU
		{B8C957E5-A4ED-48A1-BC60-5D3877752D44}.Release|ARM.Build.0 = Release|Any CPU
		{B8C957E5-A4ED-48A1-BC60-5D3877752D44}.Release|iPhone.ActiveCfg = Release|Any CPU
		{B8C957E5-A4ED-48A1-BC60-5D3877752D44}.Release|iPhone.Build.0 = Release|Any CPU
		{B8C957E5-A4ED-48A1-BC60-5D3877752D44}.Release|iPhoneSimulator.ActiveCfg = Release|Any CPU
		{B8C957E5-A4ED-48A1-BC60-5D3877752D44}.Release|iPhoneSimulator.Build.0 = Release|Any CPU
		{B8C957E5-A4ED-48A1-BC60-5D3877752D44}.Release|x64.ActiveCfg = Release|Any CPU
		{B8C957E5-A4ED-48A1-BC60-5D3877752D44}.Release|x64.Build.0 = Release|Any CPU
		{B8C957E5-A4ED-48A1-BC60-5D3877752D44}.Release|x86.ActiveCfg = Release|Any CPU
		{B8C957E5-A4ED-48A1-BC60-5D3877752D44}.Release|x86.Build.0 = Release|Any CPU
	EndGlobalSection
	GlobalSection(SolutionProperties) = preSolution
		HideSolutionNode = FALSE
	EndGlobalSection
EndGlobal
